{
  "name": "genesis-data",
  "version": "1.0.0",
  "lockfileVersion": 3,
  "requires": true,
  "packages": {
    "": {
      "name": "genesis-data",
      "version": "1.0.0",
      "license": "Apache-2.0",
      "dependencies": {
        "@polkadot/api": "^16.2.1"
      }
    },
    "node_modules/@noble/curves": {
      "version": "1.9.2",
      "resolved": "https://registry.npmjs.org/@noble/curves/-/curves-1.9.2.tgz",
      "integrity": "sha512-HxngEd2XUcg9xi20JkwlLCtYwfoFw4JGkuZpT+WlsPD4gB/cxkvTD8fSsoAnphGZhFdZYKeQIPCuFlWPm1uE0g==",
      "dependencies": {
        "@noble/hashes": "1.8.0"
      },
      "engines": {
        "node": "^14.21.3 || >=16"
      },
      "funding": {
        "url": "https://paulmillr.com/funding/"
      }
    },
    "node_modules/@noble/hashes": {
      "version": "1.8.0",
      "resolved": "https://registry.npmjs.org/@noble/hashes/-/hashes-1.8.0.tgz",
      "integrity": "sha512-jCs9ldd7NwzpgXDIf6P3+NrHh9/sD6CQdxHyjQI+h/6rDNo88ypBxxz45UDuZHz9r3tNz7N/VInSVoVdtXEI4A==",
      "engines": {
        "node": "^14.21.3 || >=16"
      },
      "funding": {
        "url": "https://paulmillr.com/funding/"
      }
    },
    "node_modules/@polkadot-api/json-rpc-provider": {
      "version": "0.0.1",
      "resolved": "https://registry.npmjs.org/@polkadot-api/json-rpc-provider/-/json-rpc-provider-0.0.1.tgz",
      "integrity": "sha512-/SMC/l7foRjpykLTUTacIH05H3mr9ip8b5xxfwXlVezXrNVLp3Cv0GX6uItkKd+ZjzVPf3PFrDF2B2/HLSNESA==",
      "optional": true
    },
    "node_modules/@polkadot-api/json-rpc-provider-proxy": {
      "version": "0.1.0",
      "resolved": "https://registry.npmjs.org/@polkadot-api/json-rpc-provider-proxy/-/json-rpc-provider-proxy-0.1.0.tgz",
      "integrity": "sha512-8GSFE5+EF73MCuLQm8tjrbCqlgclcHBSRaswvXziJ0ZW7iw3UEMsKkkKvELayWyBuOPa2T5i1nj6gFOeIsqvrg==",
      "optional": true
    },
    "node_modules/@polkadot-api/metadata-builders": {
      "version": "0.3.2",
      "resolved": "https://registry.npmjs.org/@polkadot-api/metadata-builders/-/metadata-builders-0.3.2.tgz",
      "integrity": "sha512-TKpfoT6vTb+513KDzMBTfCb/ORdgRnsS3TDFpOhAhZ08ikvK+hjHMt5plPiAX/OWkm1Wc9I3+K6W0hX5Ab7MVg==",
      "optional": true,
      "dependencies": {
        "@polkadot-api/substrate-bindings": "0.6.0",
        "@polkadot-api/utils": "0.1.0"
      }
    },
    "node_modules/@polkadot-api/observable-client": {
      "version": "0.3.2",
      "resolved": "https://registry.npmjs.org/@polkadot-api/observable-client/-/observable-client-0.3.2.tgz",
      "integrity": "sha512-HGgqWgEutVyOBXoGOPp4+IAq6CNdK/3MfQJmhCJb8YaJiaK4W6aRGrdQuQSTPHfERHCARt9BrOmEvTXAT257Ug==",
      "optional": true,
      "dependencies": {
        "@polkadot-api/metadata-builders": "0.3.2",
        "@polkadot-api/substrate-bindings": "0.6.0",
        "@polkadot-api/utils": "0.1.0"
      },
      "peerDependencies": {
        "@polkadot-api/substrate-client": "0.1.4",
        "rxjs": ">=7.8.0"
      }
    },
    "node_modules/@polkadot-api/substrate-bindings": {
      "version": "0.6.0",
      "resolved": "https://registry.npmjs.org/@polkadot-api/substrate-bindings/-/substrate-bindings-0.6.0.tgz",
      "integrity": "sha512-lGuhE74NA1/PqdN7fKFdE5C1gNYX357j1tWzdlPXI0kQ7h3kN0zfxNOpPUN7dIrPcOFZ6C0tRRVrBylXkI6xPw==",
      "optional": true,
      "dependencies": {
        "@noble/hashes": "^1.3.1",
        "@polkadot-api/utils": "0.1.0",
        "@scure/base": "^1.1.1",
        "scale-ts": "^1.6.0"
      }
    },
    "node_modules/@polkadot-api/substrate-client": {
      "version": "0.1.4",
      "resolved": "https://registry.npmjs.org/@polkadot-api/substrate-client/-/substrate-client-0.1.4.tgz",
      "integrity": "sha512-MljrPobN0ZWTpn++da9vOvt+Ex+NlqTlr/XT7zi9sqPtDJiQcYl+d29hFAgpaeTqbeQKZwz3WDE9xcEfLE8c5A==",
      "optional": true,
      "dependencies": {
        "@polkadot-api/json-rpc-provider": "0.0.1",
        "@polkadot-api/utils": "0.1.0"
      }
    },
    "node_modules/@polkadot-api/utils": {
      "version": "0.1.0",
      "resolved": "https://registry.npmjs.org/@polkadot-api/utils/-/utils-0.1.0.tgz",
      "integrity": "sha512-MXzWZeuGxKizPx2Xf/47wx9sr/uxKw39bVJUptTJdsaQn/TGq+z310mHzf1RCGvC1diHM8f593KrnDgc9oNbJA==",
      "optional": true
    },
    "node_modules/@polkadot/api": {
      "version": "16.2.1",
      "resolved": "https://registry.npmjs.org/@polkadot/api/-/api-16.2.1.tgz",
      "integrity": "sha512-rMcC414P4pYjhuPsQVvhbgSitmbmxYTCKaURfO7oMieyMBYw7x9si0uFt0FuAsQJmA64J0BCaD+1TSegvsBNsQ==",
      "dependencies": {
        "@polkadot/api-augment": "16.2.1",
        "@polkadot/api-base": "16.2.1",
        "@polkadot/api-derive": "16.2.1",
        "@polkadot/keyring": "^13.5.1",
        "@polkadot/rpc-augment": "16.2.1",
        "@polkadot/rpc-core": "16.2.1",
        "@polkadot/rpc-provider": "16.2.1",
        "@polkadot/types": "16.2.1",
        "@polkadot/types-augment": "16.2.1",
        "@polkadot/types-codec": "16.2.1",
        "@polkadot/types-create": "16.2.1",
        "@polkadot/types-known": "16.2.1",
        "@polkadot/util": "^13.5.1",
        "@polkadot/util-crypto": "^13.5.1",
        "eventemitter3": "^5.0.1",
        "rxjs": "^7.8.1",
        "tslib": "^2.8.1"
      },
      "engines": {
        "node": ">=18"
      }
    },
    "node_modules/@polkadot/api-augment": {
      "version": "16.2.1",
      "resolved": "https://registry.npmjs.org/@polkadot/api-augment/-/api-augment-16.2.1.tgz",
      "integrity": "sha512-gomOkuSpNTbPBcxut42KBNyO2vAGbjbtIEIkRpz6l01q2cLU3Tx06p4pobaAqYCunqEfMTEz+lIXA8xaqtr/6w==",
      "dependencies": {
        "@polkadot/api-base": "16.2.1",
        "@polkadot/rpc-augment": "16.2.1",
        "@polkadot/types": "16.2.1",
        "@polkadot/types-augment": "16.2.1",
        "@polkadot/types-codec": "16.2.1",
        "@polkadot/util": "^13.5.1",
        "tslib": "^2.8.1"
      },
      "engines": {
        "node": ">=18"
      }
    },
    "node_modules/@polkadot/api-base": {
      "version": "16.2.1",
      "resolved": "https://registry.npmjs.org/@polkadot/api-base/-/api-base-16.2.1.tgz",
      "integrity": "sha512-Ss3U0BOkEFuVd8UQNR8Oat1IW/3vFl3PzWcdw2P9H8cYxsQZGXoPk9ZEWUXbgPctxV15mFRfFyqnIGIS5RnHrw==",
      "dependencies": {
        "@polkadot/rpc-core": "16.2.1",
        "@polkadot/types": "16.2.1",
        "@polkadot/util": "^13.5.1",
        "rxjs": "^7.8.1",
        "tslib": "^2.8.1"
      },
      "engines": {
        "node": ">=18"
      }
    },
    "node_modules/@polkadot/api-derive": {
      "version": "16.2.1",
      "resolved": "https://registry.npmjs.org/@polkadot/api-derive/-/api-derive-16.2.1.tgz",
      "integrity": "sha512-MhsEfnagIZuAM0F4e3j5Q9hiSyYQcV030E5Lt1EccPVrYki10Azr3JHy+z041VmLYt1xDf02vwBlkt0ZbJGtAA==",
      "dependencies": {
        "@polkadot/api": "16.2.1",
        "@polkadot/api-augment": "16.2.1",
        "@polkadot/api-base": "16.2.1",
        "@polkadot/rpc-core": "16.2.1",
        "@polkadot/types": "16.2.1",
        "@polkadot/types-codec": "16.2.1",
        "@polkadot/util": "^13.5.1",
        "@polkadot/util-crypto": "^13.5.1",
        "rxjs": "^7.8.1",
        "tslib": "^2.8.1"
      },
      "engines": {
        "node": ">=18"
      }
    },
    "node_modules/@polkadot/keyring": {
      "version": "13.5.1",
      "resolved": "https://registry.npmjs.org/@polkadot/keyring/-/keyring-13.5.1.tgz",
      "integrity": "sha512-dEl679aoMv9gOzWJA13Jb2HUGqRi6/zKjEtg+qbiEryCSjUqfNKyO8liuwMFy0VP3qxJb1FkxNe6MnG1NwbU5Q==",
      "dependencies": {
        "@polkadot/util": "13.5.1",
        "@polkadot/util-crypto": "13.5.1",
        "tslib": "^2.8.0"
      },
      "engines": {
        "node": ">=18"
      },
      "peerDependencies": {
        "@polkadot/util": "13.5.1",
        "@polkadot/util-crypto": "13.5.1"
      }
    },
    "node_modules/@polkadot/networks": {
      "version": "13.5.1",
      "resolved": "https://registry.npmjs.org/@polkadot/networks/-/networks-13.5.1.tgz",
      "integrity": "sha512-w5HS209pHZhqJ7AVqJqFApO4OcwlxjfQ7mp2dE/vL5qA5RnsEx/3fBYJ6h3z/k5Ggac0+Zl1vMZAF1gW8S/F9A==",
      "dependencies": {
        "@polkadot/util": "13.5.1",
        "@substrate/ss58-registry": "^1.51.0",
        "tslib": "^2.8.0"
      },
      "engines": {
        "node": ">=18"
      }
    },
    "node_modules/@polkadot/rpc-augment": {
      "version": "16.2.1",
      "resolved": "https://registry.npmjs.org/@polkadot/rpc-augment/-/rpc-augment-16.2.1.tgz",
      "integrity": "sha512-I+FBDIdEeZx1f4pBP8mZ2iQPgcXwoOFB2OKYYzBzA4DY48su5Vd3n9gsdHkLVDEkcoBIeN94tZ90zBDfsBy8nA==",
      "dependencies": {
        "@polkadot/rpc-core": "16.2.1",
        "@polkadot/types": "16.2.1",
        "@polkadot/types-codec": "16.2.1",
        "@polkadot/util": "^13.5.1",
        "tslib": "^2.8.1"
      },
      "engines": {
        "node": ">=18"
      }
    },
    "node_modules/@polkadot/rpc-core": {
      "version": "16.2.1",
      "resolved": "https://registry.npmjs.org/@polkadot/rpc-core/-/rpc-core-16.2.1.tgz",
      "integrity": "sha512-boy857UPLMgj2HbcSsUnbQ18QYFmom/l73pZB8kKLtcwe1WlRid2zn75ZaEVGW5HXwi5sPgVWxk18H9x12u2IQ==",
      "dependencies": {
        "@polkadot/rpc-augment": "16.2.1",
        "@polkadot/rpc-provider": "16.2.1",
        "@polkadot/types": "16.2.1",
        "@polkadot/util": "^13.5.1",
        "rxjs": "^7.8.1",
        "tslib": "^2.8.1"
      },
      "engines": {
        "node": ">=18"
      }
    },
    "node_modules/@polkadot/rpc-provider": {
      "version": "16.2.1",
      "resolved": "https://registry.npmjs.org/@polkadot/rpc-provider/-/rpc-provider-16.2.1.tgz",
      "integrity": "sha512-ScdYYL6qfxmQowJDcIJfr9x2sFn4C0TPaIfcH9H8v4PZin1n+gB7bPNy/zDq19uXlHtqCI4wgznWQZvzHH8fRQ==",
      "dependencies": {
        "@polkadot/keyring": "^13.5.1",
        "@polkadot/types": "16.2.1",
        "@polkadot/types-support": "16.2.1",
        "@polkadot/util": "^13.5.1",
        "@polkadot/util-crypto": "^13.5.1",
        "@polkadot/x-fetch": "^13.5.1",
        "@polkadot/x-global": "^13.5.1",
        "@polkadot/x-ws": "^13.5.1",
        "eventemitter3": "^5.0.1",
        "mock-socket": "^9.3.1",
        "nock": "^13.5.5",
        "tslib": "^2.8.1"
      },
      "engines": {
        "node": ">=18"
      },
      "optionalDependencies": {
        "@substrate/connect": "0.8.11"
      }
    },
    "node_modules/@polkadot/types": {
      "version": "16.2.1",
      "resolved": "https://registry.npmjs.org/@polkadot/types/-/types-16.2.1.tgz",
      "integrity": "sha512-5VUG4WgUz5RUtluYfPHKzA8Qnq9JFRzNVEkHVgCl3i9+fUzw1Ih9hScmPI593OUXhepWBATfgMMFpcHtKhOFnQ==",
      "dependencies": {
        "@polkadot/keyring": "^13.5.1",
        "@polkadot/types-augment": "16.2.1",
        "@polkadot/types-codec": "16.2.1",
        "@polkadot/types-create": "16.2.1",
        "@polkadot/util": "^13.5.1",
        "@polkadot/util-crypto": "^13.5.1",
        "rxjs": "^7.8.1",
        "tslib": "^2.8.1"
      },
      "engines": {
        "node": ">=18"
      }
    },
    "node_modules/@polkadot/types-augment": {
      "version": "16.2.1",
      "resolved": "https://registry.npmjs.org/@polkadot/types-augment/-/types-augment-16.2.1.tgz",
      "integrity": "sha512-64JkpUnyytQdVW2RJRJ2uxVqL/uGlUQjPIEUqLVKK26TXthAt75MeEMnuKhk4WamHSvnEMv2prBStHhhNlP0Pg==",
      "dependencies": {
        "@polkadot/types": "16.2.1",
        "@polkadot/types-codec": "16.2.1",
        "@polkadot/util": "^13.5.1",
        "tslib": "^2.8.1"
      },
      "engines": {
        "node": ">=18"
      }
    },
    "node_modules/@polkadot/types-codec": {
      "version": "16.2.1",
      "resolved": "https://registry.npmjs.org/@polkadot/types-codec/-/types-codec-16.2.1.tgz",
      "integrity": "sha512-PLpC65yWUn/j4tjOB5yvMtkudbi/QbdRbY6tbo3frhg6eviNMPt/w57FWYvZXzX5cRFYveJbsZCfGLPrmzu2yQ==",
      "dependencies": {
        "@polkadot/util": "^13.5.1",
        "@polkadot/x-bigint": "^13.5.1",
        "tslib": "^2.8.1"
      },
      "engines": {
        "node": ">=18"
      }
    },
    "node_modules/@polkadot/types-create": {
      "version": "16.2.1",
      "resolved": "https://registry.npmjs.org/@polkadot/types-create/-/types-create-16.2.1.tgz",
      "integrity": "sha512-nKW7XBHaRAMl6pd+6stnEHuk5d3bMujDS+CJtHYuHyYfdCN0idkeMiz9sHUbdbZU/2CVk/jYSELCzqFLb0d3aw==",
      "dependencies": {
        "@polkadot/types-codec": "16.2.1",
        "@polkadot/util": "^13.5.1",
        "tslib": "^2.8.1"
      },
      "engines": {
        "node": ">=18"
      }
    },
    "node_modules/@polkadot/types-known": {
      "version": "16.2.1",
      "resolved": "https://registry.npmjs.org/@polkadot/types-known/-/types-known-16.2.1.tgz",
      "integrity": "sha512-ueOnHdI6Ei/+nAXda8rTdXKcmN82twnXC//HR46ng0esf0e+BPAK9j+JYjmj4GAu8X0uth4AOJzKAhrCyLWSdA==",
      "dependencies": {
        "@polkadot/networks": "^13.5.1",
        "@polkadot/types": "16.2.1",
        "@polkadot/types-codec": "16.2.1",
        "@polkadot/types-create": "16.2.1",
        "@polkadot/util": "^13.5.1",
        "tslib": "^2.8.1"
      },
      "engines": {
        "node": ">=18"
      }
    },
    "node_modules/@polkadot/types-support": {
      "version": "16.2.1",
      "resolved": "https://registry.npmjs.org/@polkadot/types-support/-/types-support-16.2.1.tgz",
      "integrity": "sha512-ZOZe0EzXHJANanME7dGczhEdqQPKGMVEZHLfwaVVRZoHXi5Y0OSly9DhetRB0O/WXCN+Ap6sIVFpPmh+QmhJRA==",
      "dependencies": {
        "@polkadot/util": "^13.5.1",
        "tslib": "^2.8.1"
      },
      "engines": {
        "node": ">=18"
      }
    },
    "node_modules/@polkadot/util": {
      "version": "13.5.1",
      "resolved": "https://registry.npmjs.org/@polkadot/util/-/util-13.5.1.tgz",
      "integrity": "sha512-Anu4fsmMconvU+WXGFESNQp4qFjbvZnS4zD4I54W5gW70klrmrdfP2jGYhejVkm0Pf43RREN63G7Rew8+sXUmw==",
      "dependencies": {
        "@polkadot/x-bigint": "13.5.1",
        "@polkadot/x-global": "13.5.1",
        "@polkadot/x-textdecoder": "13.5.1",
        "@polkadot/x-textencoder": "13.5.1",
        "@types/bn.js": "^5.1.6",
        "bn.js": "^5.2.1",
        "tslib": "^2.8.0"
      },
      "engines": {
        "node": ">=18"
      }
    },
    "node_modules/@polkadot/util-crypto": {
      "version": "13.5.1",
      "resolved": "https://registry.npmjs.org/@polkadot/util-crypto/-/util-crypto-13.5.1.tgz",
      "integrity": "sha512-HIuTRpkulIzmgCU+GIXbEEkVbikvrK+5v8XZ7Ll45m1dLsxnrJeEbNsCLUwI/+D9Jd0iF3+T12GybuetlXeu+A==",
      "dependencies": {
        "@noble/curves": "^1.3.0",
        "@noble/hashes": "^1.3.3",
        "@polkadot/networks": "13.5.1",
        "@polkadot/util": "13.5.1",
        "@polkadot/wasm-crypto": "^7.4.1",
        "@polkadot/wasm-util": "^7.4.1",
        "@polkadot/x-bigint": "13.5.1",
        "@polkadot/x-randomvalues": "13.5.1",
        "@scure/base": "^1.1.7",
        "tslib": "^2.8.0"
      },
      "engines": {
        "node": ">=18"
      },
      "peerDependencies": {
        "@polkadot/util": "13.5.1"
      }
    },
    "node_modules/@polkadot/wasm-bridge": {
      "version": "7.4.1",
      "resolved": "https://registry.npmjs.org/@polkadot/wasm-bridge/-/wasm-bridge-7.4.1.tgz",
      "integrity": "sha512-tdkJaV453tezBxhF39r4oeG0A39sPKGDJmN81LYLf+Fihb7astzwju+u75BRmDrHZjZIv00un3razJEWCxze6g==",
      "dependencies": {
        "@polkadot/wasm-util": "7.4.1",
        "tslib": "^2.7.0"
      },
      "engines": {
        "node": ">=18"
      },
      "peerDependencies": {
        "@polkadot/util": "*",
        "@polkadot/x-randomvalues": "*"
      }
    },
    "node_modules/@polkadot/wasm-crypto": {
      "version": "7.4.1",
      "resolved": "https://registry.npmjs.org/@polkadot/wasm-crypto/-/wasm-crypto-7.4.1.tgz",
      "integrity": "sha512-kHN/kF7hYxm1y0WeFLWeWir6oTzvcFmR4N8fJJokR+ajYbdmrafPN+6iLgQVbhZnDdxyv9jWDuRRsDnBx8tPMQ==",
      "dependencies": {
        "@polkadot/wasm-bridge": "7.4.1",
        "@polkadot/wasm-crypto-asmjs": "7.4.1",
        "@polkadot/wasm-crypto-init": "7.4.1",
        "@polkadot/wasm-crypto-wasm": "7.4.1",
        "@polkadot/wasm-util": "7.4.1",
        "tslib": "^2.7.0"
      },
      "engines": {
        "node": ">=18"
      },
      "peerDependencies": {
        "@polkadot/util": "*",
        "@polkadot/x-randomvalues": "*"
      }
    },
    "node_modules/@polkadot/wasm-crypto-asmjs": {
      "version": "7.4.1",
      "resolved": "https://registry.npmjs.org/@polkadot/wasm-crypto-asmjs/-/wasm-crypto-asmjs-7.4.1.tgz",
      "integrity": "sha512-pwU8QXhUW7IberyHJIQr37IhbB6DPkCG5FhozCiNTq4vFBsFPjm9q8aZh7oX1QHQaiAZa2m2/VjIVE+FHGbvHQ==",
      "dependencies": {
        "tslib": "^2.7.0"
      },
      "engines": {
        "node": ">=18"
      },
      "peerDependencies": {
        "@polkadot/util": "*"
      }
    },
    "node_modules/@polkadot/wasm-crypto-init": {
      "version": "7.4.1",
      "resolved": "https://registry.npmjs.org/@polkadot/wasm-crypto-init/-/wasm-crypto-init-7.4.1.tgz",
      "integrity": "sha512-AVka33+f7MvXEEIGq5U0dhaA2SaXMXnxVCQyhJTaCnJ5bRDj0Xlm3ijwDEQUiaDql7EikbkkRtmlvs95eSUWYQ==",
      "dependencies": {
        "@polkadot/wasm-bridge": "7.4.1",
        "@polkadot/wasm-crypto-asmjs": "7.4.1",
        "@polkadot/wasm-crypto-wasm": "7.4.1",
        "@polkadot/wasm-util": "7.4.1",
        "tslib": "^2.7.0"
      },
      "engines": {
        "node": ">=18"
      },
      "peerDependencies": {
        "@polkadot/util": "*",
        "@polkadot/x-randomvalues": "*"
      }
    },
    "node_modules/@polkadot/wasm-crypto-wasm": {
      "version": "7.4.1",
      "resolved": "https://registry.npmjs.org/@polkadot/wasm-crypto-wasm/-/wasm-crypto-wasm-7.4.1.tgz",
      "integrity": "sha512-PE1OAoupFR0ZOV2O8tr7D1FEUAwaggzxtfs3Aa5gr+yxlSOaWUKeqsOYe1KdrcjmZVV3iINEAXxgrbzCmiuONg==",
      "dependencies": {
        "@polkadot/wasm-util": "7.4.1",
        "tslib": "^2.7.0"
      },
      "engines": {
        "node": ">=18"
      },
      "peerDependencies": {
        "@polkadot/util": "*"
      }
    },
    "node_modules/@polkadot/wasm-util": {
      "version": "7.4.1",
      "resolved": "https://registry.npmjs.org/@polkadot/wasm-util/-/wasm-util-7.4.1.tgz",
      "integrity": "sha512-RAcxNFf3zzpkr+LX/ItAsvj+QyM56TomJ0xjUMo4wKkHjwsxkz4dWJtx5knIgQz/OthqSDMR59VNEycQeNuXzA==",
      "dependencies": {
        "tslib": "^2.7.0"
      },
      "engines": {
        "node": ">=18"
      },
      "peerDependencies": {
        "@polkadot/util": "*"
      }
    },
    "node_modules/@polkadot/x-bigint": {
      "version": "13.5.1",
      "resolved": "https://registry.npmjs.org/@polkadot/x-bigint/-/x-bigint-13.5.1.tgz",
      "integrity": "sha512-5GiYznWm/GdCe9nQwL/EEVLXFqK2JZqcNnWC/r196lRujqKd24r90WPHYw18d9fsii/8J4DOKc8cCRfxjMBdCw==",
      "dependencies": {
        "@polkadot/x-global": "13.5.1",
        "tslib": "^2.8.0"
      },
      "engines": {
        "node": ">=18"
      }
    },
    "node_modules/@polkadot/x-fetch": {
      "version": "13.5.1",
      "resolved": "https://registry.npmjs.org/@polkadot/x-fetch/-/x-fetch-13.5.1.tgz",
      "integrity": "sha512-2qTvxMdxlAnyY2xOulm5ZazWFRegUB6xOX7yTBxSvuAXiYGecuiZa5NikCYl+nB8iZW4ZGraLFyt9otzJHL5cw==",
      "dependencies": {
        "@polkadot/x-global": "13.5.1",
        "node-fetch": "^3.3.2",
        "tslib": "^2.8.0"
      },
      "engines": {
        "node": ">=18"
      }
    },
    "node_modules/@polkadot/x-global": {
      "version": "13.5.1",
      "resolved": "https://registry.npmjs.org/@polkadot/x-global/-/x-global-13.5.1.tgz",
      "integrity": "sha512-8A9dvyGmXtQf8jCqGSxa4R8JLh43K8T1//ht7UU6Bsv7we2svdQ+O1FXblwAnAHCcboYeyYqzrTwnRnQlyrdWQ==",
      "dependencies": {
        "tslib": "^2.8.0"
      },
      "engines": {
        "node": ">=18"
      }
    },
    "node_modules/@polkadot/x-randomvalues": {
      "version": "13.5.1",
      "resolved": "https://registry.npmjs.org/@polkadot/x-randomvalues/-/x-randomvalues-13.5.1.tgz",
      "integrity": "sha512-FT/A8EWIBNACWfxo+fDzRrkmK8TQxgaZjtr5E+/i8MYqscHFqiX9PmbMuoGC1T4w+piihHU1JD8rLTip2K8NIw==",
      "dependencies": {
        "@polkadot/x-global": "13.5.1",
        "tslib": "^2.8.0"
      },
      "engines": {
        "node": ">=18"
      },
      "peerDependencies": {
        "@polkadot/util": "13.5.1",
        "@polkadot/wasm-util": "*"
      }
    },
    "node_modules/@polkadot/x-textdecoder": {
      "version": "13.5.1",
      "resolved": "https://registry.npmjs.org/@polkadot/x-textdecoder/-/x-textdecoder-13.5.1.tgz",
      "integrity": "sha512-iInpeywdQDusB3fz7F+La74UQoTXC8F4CsmZYEoQeZekb6CoAgtLkQZhw7ckV5+MmscLeOvZCI1wYBRqCd+qqw==",
      "dependencies": {
        "@polkadot/x-global": "13.5.1",
        "tslib": "^2.8.0"
      },
      "engines": {
        "node": ">=18"
      }
    },
    "node_modules/@polkadot/x-textencoder": {
      "version": "13.5.1",
      "resolved": "https://registry.npmjs.org/@polkadot/x-textencoder/-/x-textencoder-13.5.1.tgz",
      "integrity": "sha512-2QS22Eqrsjo7BCMHnL0EGheflDXSW0xpI+Zi0ULvci4uzHK4ZUgfFtEzEFg1kbKZ8ShvRpkQbGzp8nJqwijjgQ==",
      "dependencies": {
        "@polkadot/x-global": "13.5.1",
        "tslib": "^2.8.0"
      },
      "engines": {
        "node": ">=18"
      }
    },
    "node_modules/@polkadot/x-ws": {
      "version": "13.5.1",
      "resolved": "https://registry.npmjs.org/@polkadot/x-ws/-/x-ws-13.5.1.tgz",
      "integrity": "sha512-z9ks9qd3G78nnXcMRQN9GXtJ5BRAwRaRCVngY/ot0o4dmOdPyiciyNPOC8lNWvXF8Z1zyUqkKWwzQ33DzPFCWQ==",
      "dependencies": {
        "@polkadot/x-global": "13.5.1",
        "tslib": "^2.8.0",
        "ws": "^8.18.0"
      },
      "engines": {
        "node": ">=18"
      }
    },
    "node_modules/@scure/base": {
      "version": "1.2.6",
      "resolved": "https://registry.npmjs.org/@scure/base/-/base-1.2.6.tgz",
      "integrity": "sha512-g/nm5FgUa//MCj1gV09zTJTaM6KBAHqLN907YVQqf7zC49+DcO4B1so4ZX07Ef10Twr6nuqYEH9GEggFXA4Fmg==",
      "funding": {
        "url": "https://paulmillr.com/funding/"
      }
    },
    "node_modules/@substrate/connect": {
      "version": "0.8.11",
      "resolved": "https://registry.npmjs.org/@substrate/connect/-/connect-0.8.11.tgz",
      "integrity": "sha512-ofLs1PAO9AtDdPbdyTYj217Pe+lBfTLltdHDs3ds8no0BseoLeAGxpz1mHfi7zB4IxI3YyAiLjH6U8cw4pj4Nw==",
      "deprecated": "versions below 1.x are no longer maintained",
      "optional": true,
      "dependencies": {
        "@substrate/connect-extension-protocol": "^2.0.0",
        "@substrate/connect-known-chains": "^1.1.5",
        "@substrate/light-client-extension-helpers": "^1.0.0",
        "smoldot": "2.0.26"
      }
    },
    "node_modules/@substrate/connect-extension-protocol": {
      "version": "2.2.2",
      "resolved": "https://registry.npmjs.org/@substrate/connect-extension-protocol/-/connect-extension-protocol-2.2.2.tgz",
      "integrity": "sha512-t66jwrXA0s5Goq82ZtjagLNd7DPGCNjHeehRlE/gcJmJ+G56C0W+2plqOMRicJ8XGR1/YFnUSEqUFiSNbjGrAA==",
      "optional": true
    },
    "node_modules/@substrate/connect-known-chains": {
      "version": "1.10.2",
      "resolved": "https://registry.npmjs.org/@substrate/connect-known-chains/-/connect-known-chains-1.10.2.tgz",
      "integrity": "sha512-oDtEbKjVOog6lxOLDzmm+2BoLC/KUzkHkeUPqJ6a0VQ4CB/XuoS0u3RGhA/cZ+kfMJAyHCG2qupbzgs1bcd/Ow==",
      "optional": true
    },
    "node_modules/@substrate/light-client-extension-helpers": {
      "version": "1.0.0",
      "resolved": "https://registry.npmjs.org/@substrate/light-client-extension-helpers/-/light-client-extension-helpers-1.0.0.tgz",
      "integrity": "sha512-TdKlni1mBBZptOaeVrKnusMg/UBpWUORNDv5fdCaJklP4RJiFOzBCrzC+CyVI5kQzsXBisZ+2pXm+rIjS38kHg==",
      "optional": true,
      "dependencies": {
        "@polkadot-api/json-rpc-provider": "^0.0.1",
        "@polkadot-api/json-rpc-provider-proxy": "^0.1.0",
        "@polkadot-api/observable-client": "^0.3.0",
        "@polkadot-api/substrate-client": "^0.1.2",
        "@substrate/connect-extension-protocol": "^2.0.0",
        "@substrate/connect-known-chains": "^1.1.5",
        "rxjs": "^7.8.1"
      },
      "peerDependencies": {
        "smoldot": "2.x"
      }
    },
    "node_modules/@substrate/ss58-registry": {
      "version": "1.51.0",
      "resolved": "https://registry.npmjs.org/@substrate/ss58-registry/-/ss58-registry-1.51.0.tgz",
      "integrity": "sha512-TWDurLiPxndFgKjVavCniytBIw+t4ViOi7TYp9h/D0NMmkEc9klFTo+827eyEJ0lELpqO207Ey7uGxUa+BS1jQ=="
    },
    "node_modules/@types/bn.js": {
      "version": "5.2.0",
      "resolved": "https://registry.npmjs.org/@types/bn.js/-/bn.js-5.2.0.tgz",
      "integrity": "sha512-DLbJ1BPqxvQhIGbeu8VbUC1DiAiahHtAYvA0ZEAa4P31F7IaArc8z3C3BRQdWX4mtLQuABG4yzp76ZrS02Ui1Q==",
      "dependencies": {
        "@types/node": "*"
      }
    },
    "node_modules/@types/node": {
      "version": "24.0.1",
      "resolved": "https://registry.npmjs.org/@types/node/-/node-24.0.1.tgz",
      "integrity": "sha512-MX4Zioh39chHlDJbKmEgydJDS3tspMP/lnQC67G3SWsTnb9NeYVWOjkxpOSy4oMfPs4StcWHwBrvUb4ybfnuaw==",
      "dependencies": {
        "undici-types": "~7.8.0"
      }
    },
    "node_modules/bn.js": {
      "version": "5.2.2",
      "resolved": "https://registry.npmjs.org/bn.js/-/bn.js-5.2.2.tgz",
      "integrity": "sha512-v2YAxEmKaBLahNwE1mjp4WON6huMNeuDvagFZW+ASCuA/ku0bXR9hSMw0XpiqMoA3+rmnyck/tPRSFQkoC9Cuw=="
    },
    "node_modules/data-uri-to-buffer": {
      "version": "4.0.1",
      "resolved": "https://registry.npmjs.org/data-uri-to-buffer/-/data-uri-to-buffer-4.0.1.tgz",
      "integrity": "sha512-0R9ikRb668HB7QDxT1vkpuUBtqc53YyAwMwGeUFKRojY/NWKvdZ+9UYtRfGmhqNbRkTSVpMbmyhXipFFv2cb/A==",
      "engines": {
        "node": ">= 12"
      }
    },
    "node_modules/debug": {
      "version": "4.4.1",
      "resolved": "https://registry.npmjs.org/debug/-/debug-4.4.1.tgz",
      "integrity": "sha512-KcKCqiftBJcZr++7ykoDIEwSa3XWowTfNPo92BYxjXiyYEVrUQh2aLyhxBCwww+heortUFxEJYcRzosstTEBYQ==",
      "dependencies": {
        "ms": "^2.1.3"
      },
      "engines": {
        "node": ">=6.0"
      },
      "peerDependenciesMeta": {
        "supports-color": {
          "optional": true
        }
      }
    },
    "node_modules/eventemitter3": {
      "version": "5.0.1",
      "resolved": "https://registry.npmjs.org/eventemitter3/-/eventemitter3-5.0.1.tgz",
      "integrity": "sha512-GWkBvjiSZK87ELrYOSESUYeVIc9mvLLf/nXalMOS5dYrgZq9o5OVkbZAVM06CVxYsCwH9BDZFPlQTlPA1j4ahA=="
    },
    "node_modules/fetch-blob": {
      "version": "3.2.0",
      "resolved": "https://registry.npmjs.org/fetch-blob/-/fetch-blob-3.2.0.tgz",
      "integrity": "sha512-7yAQpD2UMJzLi1Dqv7qFYnPbaPx7ZfFK6PiIxQ4PfkGPyNyl2Ugx+a/umUonmKqjhM4DnfbMvdX6otXq83soQQ==",
      "funding": [
        {
          "type": "github",
          "url": "https://github.com/sponsors/jimmywarting"
        },
        {
          "type": "paypal",
          "url": "https://paypal.me/jimmywarting"
        }
      ],
      "dependencies": {
        "node-domexception": "^1.0.0",
        "web-streams-polyfill": "^3.0.3"
      },
      "engines": {
        "node": "^12.20 || >= 14.13"
      }
    },
    "node_modules/formdata-polyfill": {
      "version": "4.0.10",
      "resolved": "https://registry.npmjs.org/formdata-polyfill/-/formdata-polyfill-4.0.10.tgz",
      "integrity": "sha512-buewHzMvYL29jdeQTVILecSaZKnt/RJWjoZCF5OW60Z67/GmSLBkOFM7qh1PI3zFNtJbaZL5eQu1vLfazOwj4g==",
      "dependencies": {
        "fetch-blob": "^3.1.2"
      },
      "engines": {
        "node": ">=12.20.0"
      }
    },
    "node_modules/json-stringify-safe": {
      "version": "5.0.1",
      "resolved": "https://registry.npmjs.org/json-stringify-safe/-/json-stringify-safe-5.0.1.tgz",
      "integrity": "sha512-ZClg6AaYvamvYEE82d3Iyd3vSSIjQ+odgjaTzRuO3s7toCdFKczob2i0zCh7JE8kWn17yvAWhUVxvqGwUalsRA=="
    },
    "node_modules/mock-socket": {
      "version": "9.3.1",
      "resolved": "https://registry.npmjs.org/mock-socket/-/mock-socket-9.3.1.tgz",
      "integrity": "sha512-qxBgB7Qa2sEQgHFjj0dSigq7fX4k6Saisd5Nelwp2q8mlbAFh5dHV9JTTlF8viYJLSSWgMCZFUom8PJcMNBoJw==",
      "engines": {
        "node": ">= 8"
      }
    },
    "node_modules/ms": {
      "version": "2.1.3",
      "resolved": "https://registry.npmjs.org/ms/-/ms-2.1.3.tgz",
      "integrity": "sha512-6FlzubTLZG3J2a/NVCAleEhjzq5oxgHyaCU9yYXvcLsvoVaHJq/s5xXI6/XXP6tz7R9xAOtHnSO/tXtF3WRTlA=="
    },
    "node_modules/nock": {
      "version": "13.5.6",
      "resolved": "https://registry.npmjs.org/nock/-/nock-13.5.6.tgz",
      "integrity": "sha512-o2zOYiCpzRqSzPj0Zt/dQ/DqZeYoaQ7TUonc/xUPjCGl9WeHpNbxgVvOquXYAaJzI0M9BXV3HTzG0p8IUAbBTQ==",
      "dependencies": {
        "debug": "^4.1.0",
        "json-stringify-safe": "^5.0.1",
        "propagate": "^2.0.0"
      },
      "engines": {
        "node": ">= 10.13"
      }
    },
    "node_modules/node-domexception": {
      "version": "1.0.0",
      "resolved": "https://registry.npmjs.org/node-domexception/-/node-domexception-1.0.0.tgz",
      "integrity": "sha512-/jKZoMpw0F8GRwl4/eLROPA3cfcXtLApP0QzLmUT/HuPCZWyB7IY9ZrMeKw2O/nFIqPQB3PVM9aYm0F312AXDQ==",
      "deprecated": "Use your platform's native DOMException instead",
      "funding": [
        {
          "type": "github",
          "url": "https://github.com/sponsors/jimmywarting"
        },
        {
          "type": "github",
          "url": "https://paypal.me/jimmywarting"
        }
      ],
      "engines": {
        "node": ">=10.5.0"
      }
    },
    "node_modules/node-fetch": {
      "version": "3.3.2",
      "resolved": "https://registry.npmjs.org/node-fetch/-/node-fetch-3.3.2.tgz",
      "integrity": "sha512-dRB78srN/l6gqWulah9SrxeYnxeddIG30+GOqK/9OlLVyLg3HPnr6SqOWTWOXKRwC2eGYCkZ59NNuSgvSrpgOA==",
      "dependencies": {
        "data-uri-to-buffer": "^4.0.0",
        "fetch-blob": "^3.1.4",
        "formdata-polyfill": "^4.0.10"
      },
      "engines": {
        "node": "^12.20.0 || ^14.13.1 || >=16.0.0"
      },
      "funding": {
        "type": "opencollective",
        "url": "https://opencollective.com/node-fetch"
      }
    },
    "node_modules/propagate": {
      "version": "2.0.1",
      "resolved": "https://registry.npmjs.org/propagate/-/propagate-2.0.1.tgz",
      "integrity": "sha512-vGrhOavPSTz4QVNuBNdcNXePNdNMaO1xj9yBeH1ScQPjk/rhg9sSlCXPhMkFuaNNW/syTvYqsnbIJxMBfRbbag==",
      "engines": {
        "node": ">= 8"
      }
    },
    "node_modules/rxjs": {
      "version": "7.8.2",
      "resolved": "https://registry.npmjs.org/rxjs/-/rxjs-7.8.2.tgz",
      "integrity": "sha512-dhKf903U/PQZY6boNNtAGdWbG85WAbjT/1xYoZIC7FAY0yWapOBQVsVrDl58W86//e1VpMNBtRV4MaXfdMySFA==",
      "dependencies": {
        "tslib": "^2.1.0"
      }
    },
    "node_modules/scale-ts": {
      "version": "1.6.1",
      "resolved": "https://registry.npmjs.org/scale-ts/-/scale-ts-1.6.1.tgz",
      "integrity": "sha512-PBMc2AWc6wSEqJYBDPcyCLUj9/tMKnLX70jLOSndMtcUoLQucP/DM0vnQo1wJAYjTrQiq8iG9rD0q6wFzgjH7g==",
      "optional": true
    },
    "node_modules/smoldot": {
      "version": "2.0.26",
      "resolved": "https://registry.npmjs.org/smoldot/-/smoldot-2.0.26.tgz",
      "integrity": "sha512-F+qYmH4z2s2FK+CxGj8moYcd1ekSIKH8ywkdqlOz88Dat35iB1DIYL11aILN46YSGMzQW/lbJNS307zBSDN5Ig==",
      "optional": true,
      "dependencies": {
        "ws": "^8.8.1"
      }
    },
    "node_modules/tslib": {
      "version": "2.8.1",
      "resolved": "https://registry.npmjs.org/tslib/-/tslib-2.8.1.tgz",
      "integrity": "sha512-oJFu94HQb+KVduSUQL7wnpmqnfmLsOA/nAh6b6EH0wCEoK0/mPeXU6c3wKDV83MkOuHPRHtSXKKU99IBazS/2w=="
    },
    "node_modules/undici-types": {
      "version": "7.8.0",
      "resolved": "https://registry.npmjs.org/undici-types/-/undici-types-7.8.0.tgz",
      "integrity": "sha512-9UJ2xGDvQ43tYyVMpuHlsgApydB8ZKfVYTsLDhXkFL/6gfkp+U8xTGdh8pMJv1SpZna0zxG1DwsKZsreLbXBxw=="
    },
    "node_modules/web-streams-polyfill": {
      "version": "3.3.3",
      "resolved": "https://registry.npmjs.org/web-streams-polyfill/-/web-streams-polyfill-3.3.3.tgz",
      "integrity": "sha512-d2JWLCivmZYTSIoge9MsgFCZrt571BikcWGYkjC1khllbTeDlGqZ2D8vD8E/lJa8WGWbb7Plm8/XJYV7IJHZZw==",
      "engines": {
        "node": ">= 8"
      }
    },
    "node_modules/ws": {
      "version": "8.18.2",
      "resolved": "https://registry.npmjs.org/ws/-/ws-8.18.2.tgz",
      "integrity": "sha512-DMricUmwGZUVr++AEAe2uiVM7UoO9MAVZMDu05UQOaUII0lp+zOzLLU4Xqh/JvTqklB1T4uELaaPBKyjE1r4fQ==",
      "engines": {
        "node": ">=10.0.0"
      },
      "peerDependencies": {
        "bufferutil": "^4.0.1",
        "utf-8-validate": ">=5.0.2"
      },
      "peerDependenciesMeta": {
        "bufferutil": {
          "optional": true
        },
        "utf-8-validate": {
          "optional": true
        }
      }
    }
  }
}
