{
  "name": "frequency",
  "lockfileVersion": 2,
  "requires": true,
  "packages": {
    "": {
      "devDependencies": {
        "@types/mocha": "^10.0.0"
      }
    },
    "node_modules/@types/mocha": {
      "version": "10.0.0",
      "resolved": "https://registry.npmjs.org/@types/mocha/-/mocha-10.0.0.tgz",
      "integrity": "sha512-rADY+HtTOA52l9VZWtgQfn4p+UDVM2eDVkMZT1I6syp0YKxW2F9v+0pbRZLsvskhQv/vMb6ZfCay81GHbz5SHg==",
      "dev": true
    }
  },
  "dependencies": {
    "@types/mocha": {
      "version": "10.0.0",
      "resolved": "https://registry.npmjs.org/@types/mocha/-/mocha-10.0.0.tgz",
      "integrity": "sha512-rADY+HtTOA52l9VZWtgQfn4p+UDVM2eDVkMZT1I6syp0YKxW2F9v+0pbRZLsvskhQv/vMb6ZfCay81GHbz5SHg==",
      "dev": true
    }
  }
}
