{
  "name": "onboard",
  "version": "1.0.0",
  "lockfileVersion": 3,
  "requires": true,
  "packages": {
    "": {
      "name": "onboard",
      "version": "1.0.0",
      "license": "Apache-2.0",
      "dependencies": {
        "@polkadot/api": "16.4.8",
        "@polkadot/util": "13.5.6",
        "@polkadot/util-crypto": "13.5.6"
      }
    },
    "node_modules/@noble/curves": {
      "version": "1.9.7",
      "resolved": "https://registry.npmjs.org/@noble/curves/-/curves-1.9.7.tgz",
      "integrity": "sha512-gbKGcRUYIjA3/zCCNaWDciTMFI0dCkvou3TL8Zmy5Nc7sJ47a0jtOeZoTaMxkuqRo9cRhjOdZJXegxYE5FN/xw==",
      "license": "MIT",
      "dependencies": {
        "@noble/hashes": "1.8.0"
      },
      "engines": {
        "node": "^14.21.3 || >=16"
      },
      "funding": {
        "url": "https://paulmillr.com/funding/"
      }
    },
    "node_modules/@noble/hashes": {
      "version": "1.8.0",
      "resolved": "https://registry.npmjs.org/@noble/hashes/-/hashes-1.8.0.tgz",
      "integrity": "sha512-jCs9ldd7NwzpgXDIf6P3+NrHh9/sD6CQdxHyjQI+h/6rDNo88ypBxxz45UDuZHz9r3tNz7N/VInSVoVdtXEI4A==",
      "license": "MIT",
      "engines": {
        "node": "^14.21.3 || >=16"
      },
      "funding": {
        "url": "https://paulmillr.com/funding/"
      }
    },
    "node_modules/@polkadot-api/json-rpc-provider": {
      "version": "0.0.1",
      "resolved": "https://registry.npmjs.org/@polkadot-api/json-rpc-provider/-/json-rpc-provider-0.0.1.tgz",
      "integrity": "sha512-/SMC/l7foRjpykLTUTacIH05H3mr9ip8b5xxfwXlVezXrNVLp3Cv0GX6uItkKd+ZjzVPf3PFrDF2B2/HLSNESA==",
      "license": "MIT",
      "optional": true
    },
    "node_modules/@polkadot-api/json-rpc-provider-proxy": {
      "version": "0.1.0",
      "resolved": "https://registry.npmjs.org/@polkadot-api/json-rpc-provider-proxy/-/json-rpc-provider-proxy-0.1.0.tgz",
      "integrity": "sha512-8GSFE5+EF73MCuLQm8tjrbCqlgclcHBSRaswvXziJ0ZW7iw3UEMsKkkKvELayWyBuOPa2T5i1nj6gFOeIsqvrg==",
      "license": "MIT",
      "optional": true
    },
    "node_modules/@polkadot-api/metadata-builders": {
      "version": "0.3.2",
      "resolved": "https://registry.npmjs.org/@polkadot-api/metadata-builders/-/metadata-builders-0.3.2.tgz",
      "integrity": "sha512-TKpfoT6vTb+513KDzMBTfCb/ORdgRnsS3TDFpOhAhZ08ikvK+hjHMt5plPiAX/OWkm1Wc9I3+K6W0hX5Ab7MVg==",
      "license": "MIT",
      "optional": true,
      "dependencies": {
        "@polkadot-api/substrate-bindings": "0.6.0",
        "@polkadot-api/utils": "0.1.0"
      }
    },
    "node_modules/@polkadot-api/observable-client": {
      "version": "0.3.2",
      "resolved": "https://registry.npmjs.org/@polkadot-api/observable-client/-/observable-client-0.3.2.tgz",
      "integrity": "sha512-HGgqWgEutVyOBXoGOPp4+IAq6CNdK/3MfQJmhCJb8YaJiaK4W6aRGrdQuQSTPHfERHCARt9BrOmEvTXAT257Ug==",
      "license": "MIT",
      "optional": true,
      "dependencies": {
        "@polkadot-api/metadata-builders": "0.3.2",
        "@polkadot-api/substrate-bindings": "0.6.0",
        "@polkadot-api/utils": "0.1.0"
      },
      "peerDependencies": {
        "@polkadot-api/substrate-client": "0.1.4",
        "rxjs": ">=7.8.0"
      }
    },
    "node_modules/@polkadot-api/substrate-bindings": {
      "version": "0.6.0",
      "resolved": "https://registry.npmjs.org/@polkadot-api/substrate-bindings/-/substrate-bindings-0.6.0.tgz",
      "integrity": "sha512-lGuhE74NA1/PqdN7fKFdE5C1gNYX357j1tWzdlPXI0kQ7h3kN0zfxNOpPUN7dIrPcOFZ6C0tRRVrBylXkI6xPw==",
      "license": "MIT",
      "optional": true,
      "dependencies": {
        "@noble/hashes": "^1.3.1",
        "@polkadot-api/utils": "0.1.0",
        "@scure/base": "^1.1.1",
        "scale-ts": "^1.6.0"
      }
    },
    "node_modules/@polkadot-api/substrate-client": {
      "version": "0.1.4",
      "resolved": "https://registry.npmjs.org/@polkadot-api/substrate-client/-/substrate-client-0.1.4.tgz",
      "integrity": "sha512-MljrPobN0ZWTpn++da9vOvt+Ex+NlqTlr/XT7zi9sqPtDJiQcYl+d29hFAgpaeTqbeQKZwz3WDE9xcEfLE8c5A==",
      "license": "MIT",
      "optional": true,
      "dependencies": {
        "@polkadot-api/json-rpc-provider": "0.0.1",
        "@polkadot-api/utils": "0.1.0"
      }
    },
    "node_modules/@polkadot-api/utils": {
      "version": "0.1.0",
      "resolved": "https://registry.npmjs.org/@polkadot-api/utils/-/utils-0.1.0.tgz",
      "integrity": "sha512-MXzWZeuGxKizPx2Xf/47wx9sr/uxKw39bVJUptTJdsaQn/TGq+z310mHzf1RCGvC1diHM8f593KrnDgc9oNbJA==",
      "license": "MIT",
      "optional": true
    },
    "node_modules/@polkadot/api": {
      "version": "16.4.8",
      "resolved": "https://registry.npmjs.org/@polkadot/api/-/api-16.4.8.tgz",
      "integrity": "sha512-72OMPwd47t/ZJB9zIE7d60FqqgCrRqBZqYNkPRBtPYTQNDUsStg3g6hswSp8cdzPua3oKxeamD2GF+BBr0wB3A==",
      "license": "Apache-2.0",
      "dependencies": {
        "@polkadot/api-augment": "16.4.8",
        "@polkadot/api-base": "16.4.8",
        "@polkadot/api-derive": "16.4.8",
        "@polkadot/keyring": "^13.5.6",
        "@polkadot/rpc-augment": "16.4.8",
        "@polkadot/rpc-core": "16.4.8",
        "@polkadot/rpc-provider": "16.4.8",
        "@polkadot/types": "16.4.8",
        "@polkadot/types-augment": "16.4.8",
        "@polkadot/types-codec": "16.4.8",
        "@polkadot/types-create": "16.4.8",
        "@polkadot/types-known": "16.4.8",
        "@polkadot/util": "^13.5.6",
        "@polkadot/util-crypto": "^13.5.6",
        "eventemitter3": "^5.0.1",
        "rxjs": "^7.8.1",
        "tslib": "^2.8.1"
      },
      "engines": {
        "node": ">=18"
      }
    },
    "node_modules/@polkadot/api-augment": {
      "version": "16.4.8",
      "resolved": "https://registry.npmjs.org/@polkadot/api-augment/-/api-augment-16.4.8.tgz",
      "integrity": "sha512-hBjSCkQjKqfUmhD1eNFg01Q1kivD5EGnq7zCaKFof+2Y1pdCs9EI5Qa+7MLJFJA0TvHBY6ILt5mSW6Gp/b0dtw==",
      "license": "Apache-2.0",
      "dependencies": {
        "@polkadot/api-base": "16.4.8",
        "@polkadot/rpc-augment": "16.4.8",
        "@polkadot/types": "16.4.8",
        "@polkadot/types-augment": "16.4.8",
        "@polkadot/types-codec": "16.4.8",
        "@polkadot/util": "^13.5.6",
        "tslib": "^2.8.1"
      },
      "engines": {
        "node": ">=18"
      }
    },
    "node_modules/@polkadot/api-base": {
      "version": "16.4.8",
      "resolved": "https://registry.npmjs.org/@polkadot/api-base/-/api-base-16.4.8.tgz",
      "integrity": "sha512-RqLG0DFvS99RAWb60r1u5AAnZu6cS1Cit/ASTnzXYysLKVpVd6RCPSZVl+e8NX42pOgGuwh0e1P6LtoIaK2qYQ==",
      "license": "Apache-2.0",
      "dependencies": {
        "@polkadot/rpc-core": "16.4.8",
        "@polkadot/types": "16.4.8",
        "@polkadot/util": "^13.5.6",
        "rxjs": "^7.8.1",
        "tslib": "^2.8.1"
      },
      "engines": {
        "node": ">=18"
      }
    },
    "node_modules/@polkadot/api-derive": {
      "version": "16.4.8",
      "resolved": "https://registry.npmjs.org/@polkadot/api-derive/-/api-derive-16.4.8.tgz",
      "integrity": "sha512-qTCVtTNCi95sORld964juDhh8ydbJkUKJK7/4PiZcB3h5dLscBI/Prg6rFRyp0k8w7n0qCvjjBHJrDqov8LPmg==",
      "license": "Apache-2.0",
      "dependencies": {
        "@polkadot/api": "16.4.8",
        "@polkadot/api-augment": "16.4.8",
        "@polkadot/api-base": "16.4.8",
        "@polkadot/rpc-core": "16.4.8",
        "@polkadot/types": "16.4.8",
        "@polkadot/types-codec": "16.4.8",
        "@polkadot/util": "^13.5.6",
        "@polkadot/util-crypto": "^13.5.6",
        "rxjs": "^7.8.1",
        "tslib": "^2.8.1"
      },
      "engines": {
        "node": ">=18"
      }
    },
    "node_modules/@polkadot/keyring": {
      "version": "13.5.6",
      "resolved": "https://registry.npmjs.org/@polkadot/keyring/-/keyring-13.5.6.tgz",
      "integrity": "sha512-Ybe6Mflrh96FKR5tfEaf/93RxJD7x9UigseNOJW6Yd8LF+GesdxrqmZD7zh+53Hb7smGQWf/0FCfwhoWZVgPUQ==",
      "license": "Apache-2.0",
      "dependencies": {
        "@polkadot/util": "13.5.6",
        "@polkadot/util-crypto": "13.5.6",
        "tslib": "^2.8.0"
      },
      "engines": {
        "node": ">=18"
      },
      "peerDependencies": {
        "@polkadot/util": "13.5.6",
        "@polkadot/util-crypto": "13.5.6"
      }
    },
    "node_modules/@polkadot/networks": {
      "version": "13.5.6",
      "resolved": "https://registry.npmjs.org/@polkadot/networks/-/networks-13.5.6.tgz",
      "integrity": "sha512-9HqUIBOHnz9x/ssPb0aOD/7XcU8vGokEYpLoNgexFNIJzqDgrDHXR197iFpkbMqA/+98zagrvYUyPYj1yYs9Jw==",
      "license": "Apache-2.0",
      "dependencies": {
        "@polkadot/util": "13.5.6",
        "@substrate/ss58-registry": "^1.51.0",
        "tslib": "^2.8.0"
      },
      "engines": {
        "node": ">=18"
      }
    },
    "node_modules/@polkadot/rpc-augment": {
      "version": "16.4.8",
      "resolved": "https://registry.npmjs.org/@polkadot/rpc-augment/-/rpc-augment-16.4.8.tgz",
      "integrity": "sha512-ri5yjmVa0zw56nVQr2P0ozxxz89+RwBUD01sgusNraRbrYOCpNyJlOUsom/1qTVIylyOknzIxpAgFoMkALuqwg==",
      "license": "Apache-2.0",
      "dependencies": {
        "@polkadot/rpc-core": "16.4.8",
        "@polkadot/types": "16.4.8",
        "@polkadot/types-codec": "16.4.8",
        "@polkadot/util": "^13.5.6",
        "tslib": "^2.8.1"
      },
      "engines": {
        "node": ">=18"
      }
    },
    "node_modules/@polkadot/rpc-core": {
      "version": "16.4.8",
      "resolved": "https://registry.npmjs.org/@polkadot/rpc-core/-/rpc-core-16.4.8.tgz",
      "integrity": "sha512-LN5BgUeBjGaxybUyFB8WbBU5clwthcMu4XYT0vN4howx/3BvJgBPMvm+K52eWdzSWlPojGtVkNNCy9QTNFWx0w==",
      "license": "Apache-2.0",
      "dependencies": {
        "@polkadot/rpc-augment": "16.4.8",
        "@polkadot/rpc-provider": "16.4.8",
        "@polkadot/types": "16.4.8",
        "@polkadot/util": "^13.5.6",
        "rxjs": "^7.8.1",
        "tslib": "^2.8.1"
      },
      "engines": {
        "node": ">=18"
      }
    },
    "node_modules/@polkadot/rpc-provider": {
      "version": "16.4.8",
      "resolved": "https://registry.npmjs.org/@polkadot/rpc-provider/-/rpc-provider-16.4.8.tgz",
      "integrity": "sha512-FD65zi3tBdBYccAWrTbxLP6ZxdU8rJAawD71dx3+RcHwIc5aLHoeK2ZuuXlaLi2LvnhvFDWCm5qJRMElXVYZbA==",
      "license": "Apache-2.0",
      "dependencies": {
        "@polkadot/keyring": "^13.5.6",
        "@polkadot/types": "16.4.8",
        "@polkadot/types-support": "16.4.8",
        "@polkadot/util": "^13.5.6",
        "@polkadot/util-crypto": "^13.5.6",
        "@polkadot/x-fetch": "^13.5.6",
        "@polkadot/x-global": "^13.5.6",
        "@polkadot/x-ws": "^13.5.6",
        "eventemitter3": "^5.0.1",
        "mock-socket": "^9.3.1",
        "nock": "^13.5.5",
        "tslib": "^2.8.1"
      },
      "engines": {
        "node": ">=18"
      },
      "optionalDependencies": {
        "@substrate/connect": "0.8.11"
      }
    },
    "node_modules/@polkadot/types": {
      "version": "16.4.8",
      "resolved": "https://registry.npmjs.org/@polkadot/types/-/types-16.4.8.tgz",
      "integrity": "sha512-w593kgSlcREBhV349sAzfZI/RTqjVmruZ8vhwxte+nwJnzAINWwM0epFrVVFSQVE+FYjiZrVlH9LWenm5TDx3g==",
      "license": "Apache-2.0",
      "dependencies": {
        "@polkadot/keyring": "^13.5.6",
        "@polkadot/types-augment": "16.4.8",
        "@polkadot/types-codec": "16.4.8",
        "@polkadot/types-create": "16.4.8",
        "@polkadot/util": "^13.5.6",
        "@polkadot/util-crypto": "^13.5.6",
        "rxjs": "^7.8.1",
        "tslib": "^2.8.1"
      },
      "engines": {
        "node": ">=18"
      }
    },
    "node_modules/@polkadot/types-augment": {
      "version": "16.4.8",
      "resolved": "https://registry.npmjs.org/@polkadot/types-augment/-/types-augment-16.4.8.tgz",
      "integrity": "sha512-oAJ2okk+z210yS8D3Bj51Bgg5c3L2bAnL7PLnXpfcavGJh8cnvWoEi438lhqPuLKNrTnMw9qrnxH+YRLqRGhqA==",
      "license": "Apache-2.0",
      "dependencies": {
        "@polkadot/types": "16.4.8",
        "@polkadot/types-codec": "16.4.8",
        "@polkadot/util": "^13.5.6",
        "tslib": "^2.8.1"
      },
      "engines": {
        "node": ">=18"
      }
    },
    "node_modules/@polkadot/types-codec": {
      "version": "16.4.8",
      "resolved": "https://registry.npmjs.org/@polkadot/types-codec/-/types-codec-16.4.8.tgz",
      "integrity": "sha512-JMaXwnaZUwpgHqdpU7zRh2HtDDzMDwYK0qHK5p1UhDK3eArq3rYLUsCvLatC8tNaZUB4wHHBIbG0qSslWHDf+A==",
      "license": "Apache-2.0",
      "dependencies": {
        "@polkadot/util": "^13.5.6",
        "@polkadot/x-bigint": "^13.5.6",
        "tslib": "^2.8.1"
      },
      "engines": {
        "node": ">=18"
      }
    },
    "node_modules/@polkadot/types-create": {
      "version": "16.4.8",
      "resolved": "https://registry.npmjs.org/@polkadot/types-create/-/types-create-16.4.8.tgz",
      "integrity": "sha512-YpI+yv8tsyV1Psn5KjPbAOmZ+KwrmYRxQD1GIbo72LbsEV0mCfELsKJiJLT16xgIe4JaWDKOu4ofgHV42cBmUg==",
      "license": "Apache-2.0",
      "dependencies": {
        "@polkadot/types-codec": "16.4.8",
        "@polkadot/util": "^13.5.6",
        "tslib": "^2.8.1"
      },
      "engines": {
        "node": ">=18"
      }
    },
    "node_modules/@polkadot/types-known": {
      "version": "16.4.8",
      "resolved": "https://registry.npmjs.org/@polkadot/types-known/-/types-known-16.4.8.tgz",
      "integrity": "sha512-WoyOe1hhaoIfIwhVpCM4foK/9VS1/hlQ1BDRoPfQCIw4UP9Al9a3yU2oabjlIwGR6ivptxIL7BB9/C6jtBU8pQ==",
      "license": "Apache-2.0",
      "dependencies": {
        "@polkadot/networks": "^13.5.6",
        "@polkadot/types": "16.4.8",
        "@polkadot/types-codec": "16.4.8",
        "@polkadot/types-create": "16.4.8",
        "@polkadot/util": "^13.5.6",
        "tslib": "^2.8.1"
      },
      "engines": {
        "node": ">=18"
      }
    },
    "node_modules/@polkadot/types-support": {
      "version": "16.4.8",
      "resolved": "https://registry.npmjs.org/@polkadot/types-support/-/types-support-16.4.8.tgz",
      "integrity": "sha512-rXv4S4QJK3ge5pkiSo83PWNl/SBxibAhvJrV4Myg5vXE/x6iDtd+gOxdz00C2MATaZaSNCsdI78WlK+00jDtCQ==",
      "license": "Apache-2.0",
      "dependencies": {
        "@polkadot/util": "^13.5.6",
        "tslib": "^2.8.1"
      },
      "engines": {
        "node": ">=18"
      }
    },
    "node_modules/@polkadot/util": {
      "version": "13.5.6",
      "resolved": "https://registry.npmjs.org/@polkadot/util/-/util-13.5.6.tgz",
      "integrity": "sha512-V+CkW2VdhcMWvl7eXdmlCLGqLxrKvXZtXE76KBbPP5n0Z+8DqQ58IHNOE9xe2LOgqDwIzdLlOUwkyF9Zj19y+Q==",
      "license": "Apache-2.0",
      "dependencies": {
        "@polkadot/x-bigint": "13.5.6",
        "@polkadot/x-global": "13.5.6",
        "@polkadot/x-textdecoder": "13.5.6",
        "@polkadot/x-textencoder": "13.5.6",
        "@types/bn.js": "^5.1.6",
        "bn.js": "^5.2.1",
        "tslib": "^2.8.0"
      },
      "engines": {
        "node": ">=18"
      }
    },
    "node_modules/@polkadot/util-crypto": {
      "version": "13.5.6",
      "resolved": "https://registry.npmjs.org/@polkadot/util-crypto/-/util-crypto-13.5.6.tgz",
      "integrity": "sha512-1l+t5lVc9UWxvbJe7/3V+QK8CwrDPuQjDK6FKtDZgZCU0JRrjySOxV0J4PeDIv8TgXZtbIcQFVUhIsJTyKZZJQ==",
      "license": "Apache-2.0",
      "dependencies": {
        "@noble/curves": "^1.3.0",
        "@noble/hashes": "^1.3.3",
        "@polkadot/networks": "13.5.6",
        "@polkadot/util": "13.5.6",
        "@polkadot/wasm-crypto": "^7.5.1",
        "@polkadot/wasm-util": "^7.5.1",
        "@polkadot/x-bigint": "13.5.6",
        "@polkadot/x-randomvalues": "13.5.6",
        "@scure/base": "^1.1.7",
        "tslib": "^2.8.0"
      },
      "engines": {
        "node": ">=18"
      },
      "peerDependencies": {
        "@polkadot/util": "13.5.6"
      }
    },
    "node_modules/@polkadot/wasm-bridge": {
      "version": "7.5.1",
      "resolved": "https://registry.npmjs.org/@polkadot/wasm-bridge/-/wasm-bridge-7.5.1.tgz",
      "integrity": "sha512-E+N3CSnX3YaXpAmfIQ+4bTyiAqJQKvVcMaXjkuL8Tp2zYffClWLG5e+RY15Uh+EWfUl9If4y6cLZi3D5NcpAGQ==",
      "license": "Apache-2.0",
      "dependencies": {
        "@polkadot/wasm-util": "7.5.1",
        "tslib": "^2.7.0"
      },
      "engines": {
        "node": ">=18"
      },
      "peerDependencies": {
        "@polkadot/util": "*",
        "@polkadot/x-randomvalues": "*"
      }
    },
    "node_modules/@polkadot/wasm-crypto": {
      "version": "7.5.1",
      "resolved": "https://registry.npmjs.org/@polkadot/wasm-crypto/-/wasm-crypto-7.5.1.tgz",
      "integrity": "sha512-acjt4VJ3w19v7b/SIPsV/5k9s6JsragHKPnwoZ0KTfBvAFXwzz80jUzVGxA06SKHacfCUe7vBRlz7M5oRby1Pw==",
      "license": "Apache-2.0",
      "dependencies": {
        "@polkadot/wasm-bridge": "7.5.1",
        "@polkadot/wasm-crypto-asmjs": "7.5.1",
        "@polkadot/wasm-crypto-init": "7.5.1",
        "@polkadot/wasm-crypto-wasm": "7.5.1",
        "@polkadot/wasm-util": "7.5.1",
        "tslib": "^2.7.0"
      },
      "engines": {
        "node": ">=18"
      },
      "peerDependencies": {
        "@polkadot/util": "*",
        "@polkadot/x-randomvalues": "*"
      }
    },
    "node_modules/@polkadot/wasm-crypto-asmjs": {
      "version": "7.5.1",
      "resolved": "https://registry.npmjs.org/@polkadot/wasm-crypto-asmjs/-/wasm-crypto-asmjs-7.5.1.tgz",
      "integrity": "sha512-jAg7Uusk+xeHQ+QHEH4c/N3b1kEGBqZb51cWe+yM61kKpQwVGZhNdlWetW6U23t/BMyZArIWMsZqmK/Ij0PHog==",
      "license": "Apache-2.0",
      "dependencies": {
        "tslib": "^2.7.0"
      },
      "engines": {
        "node": ">=18"
      },
      "peerDependencies": {
        "@polkadot/util": "*"
      }
    },
    "node_modules/@polkadot/wasm-crypto-init": {
      "version": "7.5.1",
      "resolved": "https://registry.npmjs.org/@polkadot/wasm-crypto-init/-/wasm-crypto-init-7.5.1.tgz",
      "integrity": "sha512-Obu4ZEo5jYO6sN31eqCNOXo88rPVkP9TrUOyynuFCnXnXr8V/HlmY/YkAd9F87chZnkTJRlzak17kIWr+i7w3A==",
      "license": "Apache-2.0",
      "dependencies": {
        "@polkadot/wasm-bridge": "7.5.1",
        "@polkadot/wasm-crypto-asmjs": "7.5.1",
        "@polkadot/wasm-crypto-wasm": "7.5.1",
        "@polkadot/wasm-util": "7.5.1",
        "tslib": "^2.7.0"
      },
      "engines": {
        "node": ">=18"
      },
      "peerDependencies": {
        "@polkadot/util": "*",
        "@polkadot/x-randomvalues": "*"
      }
    },
    "node_modules/@polkadot/wasm-crypto-wasm": {
      "version": "7.5.1",
      "resolved": "https://registry.npmjs.org/@polkadot/wasm-crypto-wasm/-/wasm-crypto-wasm-7.5.1.tgz",
      "integrity": "sha512-S2yQSGbOGTcaV6UdipFVyEGanJvG6uD6Tg7XubxpiGbNAblsyYKeFcxyH1qCosk/4qf+GIUwlOL4ydhosZflqg==",
      "license": "Apache-2.0",
      "dependencies": {
        "@polkadot/wasm-util": "7.5.1",
        "tslib": "^2.7.0"
      },
      "engines": {
        "node": ">=18"
      },
      "peerDependencies": {
        "@polkadot/util": "*"
      }
    },
    "node_modules/@polkadot/wasm-util": {
      "version": "7.5.1",
      "resolved": "https://registry.npmjs.org/@polkadot/wasm-util/-/wasm-util-7.5.1.tgz",
      "integrity": "sha512-sbvu71isFhPXpvMVX+EkRnUg/+54Tx7Sf9BEMqxxoPj7cG1I/MKeDEwbQz6MaU4gm7xJqvEWCAemLFcXfHQ/2A==",
      "license": "Apache-2.0",
      "dependencies": {
        "tslib": "^2.7.0"
      },
      "engines": {
        "node": ">=18"
      },
      "peerDependencies": {
        "@polkadot/util": "*"
      }
    },
    "node_modules/@polkadot/x-bigint": {
      "version": "13.5.6",
      "resolved": "https://registry.npmjs.org/@polkadot/x-bigint/-/x-bigint-13.5.6.tgz",
      "integrity": "sha512-HpqZJ9ud94iK/+0Ofacw7QdtvzFp6SucBBml4XwWZTWoLaLOGDsO7FoWE7yCuwPbX8nLgIM6YmQBeUoZmBtVqQ==",
      "license": "Apache-2.0",
      "dependencies": {
        "@polkadot/x-global": "13.5.6",
        "tslib": "^2.8.0"
      },
      "engines": {
        "node": ">=18"
      }
    },
    "node_modules/@polkadot/x-fetch": {
      "version": "13.5.6",
      "resolved": "https://registry.npmjs.org/@polkadot/x-fetch/-/x-fetch-13.5.6.tgz",
      "integrity": "sha512-gqx8c6lhnD7Qht+56J+4oeTA8YZ9bAPqzOt2cRJf9MTplMy44W6671T2p6hA3QMvzy4aBTxMie3uKc4tGpLu4A==",
      "license": "Apache-2.0",
      "dependencies": {
        "@polkadot/x-global": "13.5.6",
        "node-fetch": "^3.3.2",
        "tslib": "^2.8.0"
      },
      "engines": {
        "node": ">=18"
      }
    },
    "node_modules/@polkadot/x-global": {
      "version": "13.5.6",
      "resolved": "https://registry.npmjs.org/@polkadot/x-global/-/x-global-13.5.6.tgz",
      "integrity": "sha512-iw97n0Bnl2284WgAK732LYR4DW6w5+COfBfHzkhiHqs5xwPEwWMgWGrf2hM8WAQqNIz6Ni8w/jagucPyQBur3Q==",
      "license": "Apache-2.0",
      "dependencies": {
        "tslib": "^2.8.0"
      },
      "engines": {
        "node": ">=18"
      }
    },
    "node_modules/@polkadot/x-randomvalues": {
      "version": "13.5.6",
      "resolved": "https://registry.npmjs.org/@polkadot/x-randomvalues/-/x-randomvalues-13.5.6.tgz",
      "integrity": "sha512-w1F9G7FxrJ7+hGC8bh9/VpPH4KN8xmyzgiQdR7+rVB2V8KsKQBQidG69pj5Kwsh3oODOz0yQYsTG6Rm6TAJbGA==",
      "license": "Apache-2.0",
      "dependencies": {
        "@polkadot/x-global": "13.5.6",
        "tslib": "^2.8.0"
      },
      "engines": {
        "node": ">=18"
      },
      "peerDependencies": {
        "@polkadot/util": "13.5.6",
        "@polkadot/wasm-util": "*"
      }
    },
    "node_modules/@polkadot/x-textdecoder": {
      "version": "13.5.6",
      "resolved": "https://registry.npmjs.org/@polkadot/x-textdecoder/-/x-textdecoder-13.5.6.tgz",
      "integrity": "sha512-jTGeYCxFh89KRrP7bNj1CPqKO36Onsi0iA6A+5YtRS5wjdQU+/OFM/EHLTP2nvkvZo/tOkOewMR9sausisUvVQ==",
      "license": "Apache-2.0",
      "dependencies": {
        "@polkadot/x-global": "13.5.6",
        "tslib": "^2.8.0"
      },
      "engines": {
        "node": ">=18"
      }
    },
    "node_modules/@polkadot/x-textencoder": {
      "version": "13.5.6",
      "resolved": "https://registry.npmjs.org/@polkadot/x-textencoder/-/x-textencoder-13.5.6.tgz",
      "integrity": "sha512-iVwz9+OrYCEF9QbNfr9M206mmWvY/AhDmGPfAIeTR4fRgKGVYqcP8RIF8iu/x0MVQWqiVO3vlhlUk7MfrmAnoQ==",
      "license": "Apache-2.0",
      "dependencies": {
        "@polkadot/x-global": "13.5.6",
        "tslib": "^2.8.0"
      },
      "engines": {
        "node": ">=18"
      }
    },
    "node_modules/@polkadot/x-ws": {
      "version": "13.5.6",
      "resolved": "https://registry.npmjs.org/@polkadot/x-ws/-/x-ws-13.5.6.tgz",
      "integrity": "sha512-247ktVp/iE57NTXjFpHaoPoDcvoEPb8+16r2Eq0IBQ2umOV7P6KmxvdNx5eFUvRsgXvBpNwUXE1WVnXjK/eDtA==",
      "license": "Apache-2.0",
      "dependencies": {
        "@polkadot/x-global": "13.5.6",
        "tslib": "^2.8.0",
        "ws": "^8.18.0"
      },
      "engines": {
        "node": ">=18"
      }
    },
    "node_modules/@scure/base": {
      "version": "1.2.6",
      "resolved": "https://registry.npmjs.org/@scure/base/-/base-1.2.6.tgz",
      "integrity": "sha512-g/nm5FgUa//MCj1gV09zTJTaM6KBAHqLN907YVQqf7zC49+DcO4B1so4ZX07Ef10Twr6nuqYEH9GEggFXA4Fmg==",
      "license": "MIT",
      "funding": {
        "url": "https://paulmillr.com/funding/"
      }
    },
    "node_modules/@substrate/connect": {
      "version": "0.8.11",
      "resolved": "https://registry.npmjs.org/@substrate/connect/-/connect-0.8.11.tgz",
      "integrity": "sha512-ofLs1PAO9AtDdPbdyTYj217Pe+lBfTLltdHDs3ds8no0BseoLeAGxpz1mHfi7zB4IxI3YyAiLjH6U8cw4pj4Nw==",
      "deprecated": "versions below 1.x are no longer maintained",
      "license": "GPL-3.0-only",
      "optional": true,
      "dependencies": {
        "@substrate/connect-extension-protocol": "^2.0.0",
        "@substrate/connect-known-chains": "^1.1.5",
        "@substrate/light-client-extension-helpers": "^1.0.0",
        "smoldot": "2.0.26"
      }
    },
    "node_modules/@substrate/connect-extension-protocol": {
      "version": "2.2.2",
      "resolved": "https://registry.npmjs.org/@substrate/connect-extension-protocol/-/connect-extension-protocol-2.2.2.tgz",
      "integrity": "sha512-t66jwrXA0s5Goq82ZtjagLNd7DPGCNjHeehRlE/gcJmJ+G56C0W+2plqOMRicJ8XGR1/YFnUSEqUFiSNbjGrAA==",
      "license": "GPL-3.0-only",
      "optional": true
    },
    "node_modules/@substrate/connect-known-chains": {
      "version": "1.10.3",
      "resolved": "https://registry.npmjs.org/@substrate/connect-known-chains/-/connect-known-chains-1.10.3.tgz",
      "integrity": "sha512-OJEZO1Pagtb6bNE3wCikc2wrmvEU5x7GxFFLqqbz1AJYYxSlrPCGu4N2og5YTExo4IcloNMQYFRkBGue0BKZ4w==",
      "license": "GPL-3.0-only",
      "optional": true
    },
    "node_modules/@substrate/light-client-extension-helpers": {
      "version": "1.0.0",
      "resolved": "https://registry.npmjs.org/@substrate/light-client-extension-helpers/-/light-client-extension-helpers-1.0.0.tgz",
      "integrity": "sha512-TdKlni1mBBZptOaeVrKnusMg/UBpWUORNDv5fdCaJklP4RJiFOzBCrzC+CyVI5kQzsXBisZ+2pXm+rIjS38kHg==",
      "license": "MIT",
      "optional": true,
      "dependencies": {
        "@polkadot-api/json-rpc-provider": "^0.0.1",
        "@polkadot-api/json-rpc-provider-proxy": "^0.1.0",
        "@polkadot-api/observable-client": "^0.3.0",
        "@polkadot-api/substrate-client": "^0.1.2",
        "@substrate/connect-extension-protocol": "^2.0.0",
        "@substrate/connect-known-chains": "^1.1.5",
        "rxjs": "^7.8.1"
      },
      "peerDependencies": {
        "smoldot": "2.x"
      }
    },
    "node_modules/@substrate/ss58-registry": {
      "version": "1.51.0",
      "resolved": "https://registry.npmjs.org/@substrate/ss58-registry/-/ss58-registry-1.51.0.tgz",
      "integrity": "sha512-TWDurLiPxndFgKjVavCniytBIw+t4ViOi7TYp9h/D0NMmkEc9klFTo+827eyEJ0lELpqO207Ey7uGxUa+BS1jQ==",
      "license": "Apache-2.0"
    },
    "node_modules/@types/bn.js": {
      "version": "5.2.0",
      "resolved": "https://registry.npmjs.org/@types/bn.js/-/bn.js-5.2.0.tgz",
      "integrity": "sha512-DLbJ1BPqxvQhIGbeu8VbUC1DiAiahHtAYvA0ZEAa4P31F7IaArc8z3C3BRQdWX4mtLQuABG4yzp76ZrS02Ui1Q==",
      "license": "MIT",
      "dependencies": {
        "@types/node": "*"
      }
    },
    "node_modules/@types/node": {
      "version": "24.5.2",
      "resolved": "https://registry.npmjs.org/@types/node/-/node-24.5.2.tgz",
      "integrity": "sha512-FYxk1I7wPv3K2XBaoyH2cTnocQEu8AOZ60hPbsyukMPLv5/5qr7V1i8PLHdl6Zf87I+xZXFvPCXYjiTFq+YSDQ==",
      "license": "MIT",
      "dependencies": {
        "undici-types": "~7.12.0"
      }
    },
    "node_modules/bn.js": {
      "version": "5.2.2",
      "resolved": "https://registry.npmjs.org/bn.js/-/bn.js-5.2.2.tgz",
      "integrity": "sha512-v2YAxEmKaBLahNwE1mjp4WON6huMNeuDvagFZW+ASCuA/ku0bXR9hSMw0XpiqMoA3+rmnyck/tPRSFQkoC9Cuw==",
      "license": "MIT"
    },
    "node_modules/data-uri-to-buffer": {
      "version": "4.0.1",
      "resolved": "https://registry.npmjs.org/data-uri-to-buffer/-/data-uri-to-buffer-4.0.1.tgz",
      "integrity": "sha512-0R9ikRb668HB7QDxT1vkpuUBtqc53YyAwMwGeUFKRojY/NWKvdZ+9UYtRfGmhqNbRkTSVpMbmyhXipFFv2cb/A==",
      "license": "MIT",
      "engines": {
        "node": ">= 12"
      }
    },
    "node_modules/debug": {
      "version": "4.4.3",
      "resolved": "https://registry.npmjs.org/debug/-/debug-4.4.3.tgz",
      "integrity": "sha512-RGwwWnwQvkVfavKVt22FGLw+xYSdzARwm0ru6DhTVA3umU5hZc28V3kO4stgYryrTlLpuvgI9GiijltAjNbcqA==",
      "license": "MIT",
      "dependencies": {
        "ms": "^2.1.3"
      },
      "engines": {
        "node": ">=6.0"
      },
      "peerDependenciesMeta": {
        "supports-color": {
          "optional": true
        }
      }
    },
    "node_modules/eventemitter3": {
      "version": "5.0.1",
      "resolved": "https://registry.npmjs.org/eventemitter3/-/eventemitter3-5.0.1.tgz",
      "integrity": "sha512-GWkBvjiSZK87ELrYOSESUYeVIc9mvLLf/nXalMOS5dYrgZq9o5OVkbZAVM06CVxYsCwH9BDZFPlQTlPA1j4ahA==",
      "license": "MIT"
    },
    "node_modules/fetch-blob": {
      "version": "3.2.0",
      "resolved": "https://registry.npmjs.org/fetch-blob/-/fetch-blob-3.2.0.tgz",
      "integrity": "sha512-7yAQpD2UMJzLi1Dqv7qFYnPbaPx7ZfFK6PiIxQ4PfkGPyNyl2Ugx+a/umUonmKqjhM4DnfbMvdX6otXq83soQQ==",
      "funding": [
        {
          "type": "github",
          "url": "https://github.com/sponsors/jimmywarting"
        },
        {
          "type": "paypal",
          "url": "https://paypal.me/jimmywarting"
        }
      ],
      "license": "MIT",
      "dependencies": {
        "node-domexception": "^1.0.0",
        "web-streams-polyfill": "^3.0.3"
      },
      "engines": {
        "node": "^12.20 || >= 14.13"
      }
    },
    "node_modules/formdata-polyfill": {
      "version": "4.0.10",
      "resolved": "https://registry.npmjs.org/formdata-polyfill/-/formdata-polyfill-4.0.10.tgz",
      "integrity": "sha512-buewHzMvYL29jdeQTVILecSaZKnt/RJWjoZCF5OW60Z67/GmSLBkOFM7qh1PI3zFNtJbaZL5eQu1vLfazOwj4g==",
      "license": "MIT",
      "dependencies": {
        "fetch-blob": "^3.1.2"
      },
      "engines": {
        "node": ">=12.20.0"
      }
    },
    "node_modules/json-stringify-safe": {
      "version": "5.0.1",
      "resolved": "https://registry.npmjs.org/json-stringify-safe/-/json-stringify-safe-5.0.1.tgz",
      "integrity": "sha512-ZClg6AaYvamvYEE82d3Iyd3vSSIjQ+odgjaTzRuO3s7toCdFKczob2i0zCh7JE8kWn17yvAWhUVxvqGwUalsRA==",
      "license": "ISC"
    },
    "node_modules/mock-socket": {
      "version": "9.3.1",
      "resolved": "https://registry.npmjs.org/mock-socket/-/mock-socket-9.3.1.tgz",
      "integrity": "sha512-qxBgB7Qa2sEQgHFjj0dSigq7fX4k6Saisd5Nelwp2q8mlbAFh5dHV9JTTlF8viYJLSSWgMCZFUom8PJcMNBoJw==",
      "license": "MIT",
      "engines": {
        "node": ">= 8"
      }
    },
    "node_modules/ms": {
      "version": "2.1.3",
      "resolved": "https://registry.npmjs.org/ms/-/ms-2.1.3.tgz",
      "integrity": "sha512-6FlzubTLZG3J2a/NVCAleEhjzq5oxgHyaCU9yYXvcLsvoVaHJq/s5xXI6/XXP6tz7R9xAOtHnSO/tXtF3WRTlA==",
      "license": "MIT"
    },
    "node_modules/nock": {
      "version": "13.5.6",
      "resolved": "https://registry.npmjs.org/nock/-/nock-13.5.6.tgz",
      "integrity": "sha512-o2zOYiCpzRqSzPj0Zt/dQ/DqZeYoaQ7TUonc/xUPjCGl9WeHpNbxgVvOquXYAaJzI0M9BXV3HTzG0p8IUAbBTQ==",
      "license": "MIT",
      "dependencies": {
        "debug": "^4.1.0",
        "json-stringify-safe": "^5.0.1",
        "propagate": "^2.0.0"
      },
      "engines": {
        "node": ">= 10.13"
      }
    },
    "node_modules/node-domexception": {
      "version": "1.0.0",
      "resolved": "https://registry.npmjs.org/node-domexception/-/node-domexception-1.0.0.tgz",
      "integrity": "sha512-/jKZoMpw0F8GRwl4/eLROPA3cfcXtLApP0QzLmUT/HuPCZWyB7IY9ZrMeKw2O/nFIqPQB3PVM9aYm0F312AXDQ==",
      "deprecated": "Use your platform's native DOMException instead",
      "funding": [
        {
          "type": "github",
          "url": "https://github.com/sponsors/jimmywarting"
        },
        {
          "type": "github",
          "url": "https://paypal.me/jimmywarting"
        }
      ],
      "license": "MIT",
      "engines": {
        "node": ">=10.5.0"
      }
    },
    "node_modules/node-fetch": {
      "version": "3.3.2",
      "resolved": "https://registry.npmjs.org/node-fetch/-/node-fetch-3.3.2.tgz",
      "integrity": "sha512-dRB78srN/l6gqWulah9SrxeYnxeddIG30+GOqK/9OlLVyLg3HPnr6SqOWTWOXKRwC2eGYCkZ59NNuSgvSrpgOA==",
      "license": "MIT",
      "dependencies": {
        "data-uri-to-buffer": "^4.0.0",
        "fetch-blob": "^3.1.4",
        "formdata-polyfill": "^4.0.10"
      },
      "engines": {
        "node": "^12.20.0 || ^14.13.1 || >=16.0.0"
      },
      "funding": {
        "type": "opencollective",
        "url": "https://opencollective.com/node-fetch"
      }
    },
    "node_modules/propagate": {
      "version": "2.0.1",
      "resolved": "https://registry.npmjs.org/propagate/-/propagate-2.0.1.tgz",
      "integrity": "sha512-vGrhOavPSTz4QVNuBNdcNXePNdNMaO1xj9yBeH1ScQPjk/rhg9sSlCXPhMkFuaNNW/syTvYqsnbIJxMBfRbbag==",
      "license": "MIT",
      "engines": {
        "node": ">= 8"
      }
    },
    "node_modules/rxjs": {
      "version": "7.8.2",
      "resolved": "https://registry.npmjs.org/rxjs/-/rxjs-7.8.2.tgz",
      "integrity": "sha512-dhKf903U/PQZY6boNNtAGdWbG85WAbjT/1xYoZIC7FAY0yWapOBQVsVrDl58W86//e1VpMNBtRV4MaXfdMySFA==",
      "license": "Apache-2.0",
      "dependencies": {
        "tslib": "^2.1.0"
      }
    },
    "node_modules/scale-ts": {
      "version": "1.6.1",
      "resolved": "https://registry.npmjs.org/scale-ts/-/scale-ts-1.6.1.tgz",
      "integrity": "sha512-PBMc2AWc6wSEqJYBDPcyCLUj9/tMKnLX70jLOSndMtcUoLQucP/DM0vnQo1wJAYjTrQiq8iG9rD0q6wFzgjH7g==",
      "license": "MIT",
      "optional": true
    },
    "node_modules/smoldot": {
      "version": "2.0.26",
      "resolved": "https://registry.npmjs.org/smoldot/-/smoldot-2.0.26.tgz",
      "integrity": "sha512-F+qYmH4z2s2FK+CxGj8moYcd1ekSIKH8ywkdqlOz88Dat35iB1DIYL11aILN46YSGMzQW/lbJNS307zBSDN5Ig==",
      "license": "GPL-3.0-or-later WITH Classpath-exception-2.0",
      "optional": true,
      "dependencies": {
        "ws": "^8.8.1"
      }
    },
    "node_modules/tslib": {
      "version": "2.8.1",
      "resolved": "https://registry.npmjs.org/tslib/-/tslib-2.8.1.tgz",
      "integrity": "sha512-oJFu94HQb+KVduSUQL7wnpmqnfmLsOA/nAh6b6EH0wCEoK0/mPeXU6c3wKDV83MkOuHPRHtSXKKU99IBazS/2w==",
      "license": "0BSD"
    },
    "node_modules/undici-types": {
      "version": "7.12.0",
      "resolved": "https://registry.npmjs.org/undici-types/-/undici-types-7.12.0.tgz",
      "integrity": "sha512-goOacqME2GYyOZZfb5Lgtu+1IDmAlAEu5xnD3+xTzS10hT0vzpf0SPjkXwAw9Jm+4n/mQGDP3LO8CPbYROeBfQ==",
      "license": "MIT"
    },
    "node_modules/web-streams-polyfill": {
      "version": "3.3.3",
      "resolved": "https://registry.npmjs.org/web-streams-polyfill/-/web-streams-polyfill-3.3.3.tgz",
      "integrity": "sha512-d2JWLCivmZYTSIoge9MsgFCZrt571BikcWGYkjC1khllbTeDlGqZ2D8vD8E/lJa8WGWbb7Plm8/XJYV7IJHZZw==",
      "license": "MIT",
      "engines": {
        "node": ">= 8"
      }
    },
    "node_modules/ws": {
      "version": "8.18.3",
      "resolved": "https://registry.npmjs.org/ws/-/ws-8.18.3.tgz",
      "integrity": "sha512-PEIGCY5tSlUt50cqyMXfCzX+oOPqN0vuGqWzbcJ2xvnkzkq46oOpz7dQaTDBdfICb4N14+GARUDw2XV2N4tvzg==",
      "license": "MIT",
      "engines": {
        "node": ">=10.0.0"
      },
      "peerDependencies": {
        "bufferutil": "^4.0.1",
        "utf-8-validate": ">=5.0.2"
      },
      "peerDependenciesMeta": {
        "bufferutil": {
          "optional": true
        },
        "utf-8-validate": {
          "optional": true
        }
      }
    }
  }
}
