{
  "name": "onboard",
  "version": "1.0.0",
  "lockfileVersion": 3,
  "requires": true,
  "packages": {
    "": {
      "name": "onboard",
      "version": "1.0.0",
      "license": "Apache-2.0",
      "dependencies": {
        "@polkadot/api": "^12.4.2",
        "@polkadot/util": "^13.0.2",
        "@polkadot/util-crypto": "^13.0.2"
      }
    },
    "node_modules/@noble/curves": {
      "version": "1.5.0",
      "license": "MIT",
      "dependencies": {
        "@noble/hashes": "1.4.0"
      },
      "funding": {
        "url": "https://paulmillr.com/funding/"
      }
    },
    "node_modules/@noble/hashes": {
      "version": "1.4.0",
      "license": "MIT",
      "engines": {
        "node": ">= 16"
      },
      "funding": {
        "url": "https://paulmillr.com/funding/"
      }
    },
    "node_modules/@polkadot-api/json-rpc-provider": {
      "version": "0.0.1",
      "license": "MIT",
      "optional": true
    },
    "node_modules/@polkadot-api/json-rpc-provider-proxy": {
      "version": "0.1.0",
      "license": "MIT",
      "optional": true
    },
    "node_modules/@polkadot-api/metadata-builders": {
      "version": "0.3.2",
      "license": "MIT",
      "optional": true,
      "dependencies": {
        "@polkadot-api/substrate-bindings": "0.6.0",
        "@polkadot-api/utils": "0.1.0"
      }
    },
    "node_modules/@polkadot-api/observable-client": {
      "version": "0.3.2",
      "license": "MIT",
      "optional": true,
      "dependencies": {
        "@polkadot-api/metadata-builders": "0.3.2",
        "@polkadot-api/substrate-bindings": "0.6.0",
        "@polkadot-api/utils": "0.1.0"
      },
      "peerDependencies": {
        "@polkadot-api/substrate-client": "0.1.4",
        "rxjs": ">=7.8.0"
      }
    },
    "node_modules/@polkadot-api/substrate-bindings": {
      "version": "0.6.0",
      "license": "MIT",
      "optional": true,
      "dependencies": {
        "@noble/hashes": "^1.3.1",
        "@polkadot-api/utils": "0.1.0",
        "@scure/base": "^1.1.1",
        "scale-ts": "^1.6.0"
      }
    },
    "node_modules/@polkadot-api/substrate-client": {
      "version": "0.1.4",
      "license": "MIT",
      "optional": true,
      "dependencies": {
        "@polkadot-api/json-rpc-provider": "0.0.1",
        "@polkadot-api/utils": "0.1.0"
      }
    },
    "node_modules/@polkadot-api/utils": {
      "version": "0.1.0",
      "license": "MIT",
      "optional": true
    },
    "node_modules/@polkadot/api": {
      "version": "12.4.2",
      "license": "Apache-2.0",
      "dependencies": {
        "@polkadot/api-augment": "12.4.2",
        "@polkadot/api-base": "12.4.2",
        "@polkadot/api-derive": "12.4.2",
        "@polkadot/keyring": "^13.0.2",
        "@polkadot/rpc-augment": "12.4.2",
        "@polkadot/rpc-core": "12.4.2",
        "@polkadot/rpc-provider": "12.4.2",
        "@polkadot/types": "12.4.2",
        "@polkadot/types-augment": "12.4.2",
        "@polkadot/types-codec": "12.4.2",
        "@polkadot/types-create": "12.4.2",
        "@polkadot/types-known": "12.4.2",
        "@polkadot/util": "^13.0.2",
        "@polkadot/util-crypto": "^13.0.2",
        "eventemitter3": "^5.0.1",
        "rxjs": "^7.8.1",
        "tslib": "^2.6.3"
      },
      "engines": {
        "node": ">=18"
      }
    },
    "node_modules/@polkadot/api-augment": {
      "version": "12.4.2",
      "license": "Apache-2.0",
      "dependencies": {
        "@polkadot/api-base": "12.4.2",
        "@polkadot/rpc-augment": "12.4.2",
        "@polkadot/types": "12.4.2",
        "@polkadot/types-augment": "12.4.2",
        "@polkadot/types-codec": "12.4.2",
        "@polkadot/util": "^13.0.2",
        "tslib": "^2.6.3"
      },
      "engines": {
        "node": ">=18"
      }
    },
    "node_modules/@polkadot/api-base": {
      "version": "12.4.2",
      "license": "Apache-2.0",
      "dependencies": {
        "@polkadot/rpc-core": "12.4.2",
        "@polkadot/types": "12.4.2",
        "@polkadot/util": "^13.0.2",
        "rxjs": "^7.8.1",
        "tslib": "^2.6.3"
      },
      "engines": {
        "node": ">=18"
      }
    },
    "node_modules/@polkadot/api-derive": {
      "version": "12.4.2",
      "license": "Apache-2.0",
      "dependencies": {
        "@polkadot/api": "12.4.2",
        "@polkadot/api-augment": "12.4.2",
        "@polkadot/api-base": "12.4.2",
        "@polkadot/rpc-core": "12.4.2",
        "@polkadot/types": "12.4.2",
        "@polkadot/types-codec": "12.4.2",
        "@polkadot/util": "^13.0.2",
        "@polkadot/util-crypto": "^13.0.2",
        "rxjs": "^7.8.1",
        "tslib": "^2.6.3"
      },
      "engines": {
        "node": ">=18"
      }
    },
    "node_modules/@polkadot/keyring": {
      "version": "13.0.2",
      "license": "Apache-2.0",
      "dependencies": {
        "@polkadot/util": "13.0.2",
        "@polkadot/util-crypto": "13.0.2",
        "tslib": "^2.6.2"
      },
      "engines": {
        "node": ">=18"
      },
      "peerDependencies": {
        "@polkadot/util": "13.0.2",
        "@polkadot/util-crypto": "13.0.2"
      }
    },
    "node_modules/@polkadot/networks": {
      "version": "13.0.2",
      "license": "Apache-2.0",
      "dependencies": {
        "@polkadot/util": "13.0.2",
        "@substrate/ss58-registry": "^1.46.0",
        "tslib": "^2.6.2"
      },
      "engines": {
        "node": ">=18"
      }
    },
    "node_modules/@polkadot/rpc-augment": {
      "version": "12.4.2",
      "license": "Apache-2.0",
      "dependencies": {
        "@polkadot/rpc-core": "12.4.2",
        "@polkadot/types": "12.4.2",
        "@polkadot/types-codec": "12.4.2",
        "@polkadot/util": "^13.0.2",
        "tslib": "^2.6.3"
      },
      "engines": {
        "node": ">=18"
      }
    },
    "node_modules/@polkadot/rpc-core": {
      "version": "12.4.2",
      "license": "Apache-2.0",
      "dependencies": {
        "@polkadot/rpc-augment": "12.4.2",
        "@polkadot/rpc-provider": "12.4.2",
        "@polkadot/types": "12.4.2",
        "@polkadot/util": "^13.0.2",
        "rxjs": "^7.8.1",
        "tslib": "^2.6.3"
      },
      "engines": {
        "node": ">=18"
      }
    },
    "node_modules/@polkadot/rpc-provider": {
      "version": "12.4.2",
      "license": "Apache-2.0",
      "dependencies": {
        "@polkadot/keyring": "^13.0.2",
        "@polkadot/types": "12.4.2",
        "@polkadot/types-support": "12.4.2",
        "@polkadot/util": "^13.0.2",
        "@polkadot/util-crypto": "^13.0.2",
        "@polkadot/x-fetch": "^13.0.2",
        "@polkadot/x-global": "^13.0.2",
        "@polkadot/x-ws": "^13.0.2",
        "eventemitter3": "^5.0.1",
        "mock-socket": "^9.3.1",
        "nock": "^13.5.4",
        "tslib": "^2.6.3"
      },
      "engines": {
        "node": ">=18"
      },
      "optionalDependencies": {
        "@substrate/connect": "0.8.11"
      }
    },
    "node_modules/@polkadot/types": {
      "version": "12.4.2",
      "license": "Apache-2.0",
      "dependencies": {
        "@polkadot/keyring": "^13.0.2",
        "@polkadot/types-augment": "12.4.2",
        "@polkadot/types-codec": "12.4.2",
        "@polkadot/types-create": "12.4.2",
        "@polkadot/util": "^13.0.2",
        "@polkadot/util-crypto": "^13.0.2",
        "rxjs": "^7.8.1",
        "tslib": "^2.6.3"
      },
      "engines": {
        "node": ">=18"
      }
    },
    "node_modules/@polkadot/types-augment": {
      "version": "12.4.2",
      "license": "Apache-2.0",
      "dependencies": {
        "@polkadot/types": "12.4.2",
        "@polkadot/types-codec": "12.4.2",
        "@polkadot/util": "^13.0.2",
        "tslib": "^2.6.3"
      },
      "engines": {
        "node": ">=18"
      }
    },
    "node_modules/@polkadot/types-codec": {
      "version": "12.4.2",
      "license": "Apache-2.0",
      "dependencies": {
        "@polkadot/util": "^13.0.2",
        "@polkadot/x-bigint": "^13.0.2",
        "tslib": "^2.6.3"
      },
      "engines": {
        "node": ">=18"
      }
    },
    "node_modules/@polkadot/types-create": {
      "version": "12.4.2",
      "license": "Apache-2.0",
      "dependencies": {
        "@polkadot/types-codec": "12.4.2",
        "@polkadot/util": "^13.0.2",
        "tslib": "^2.6.3"
      },
      "engines": {
        "node": ">=18"
      }
    },
    "node_modules/@polkadot/types-known": {
      "version": "12.4.2",
      "license": "Apache-2.0",
      "dependencies": {
        "@polkadot/networks": "^13.0.2",
        "@polkadot/types": "12.4.2",
        "@polkadot/types-codec": "12.4.2",
        "@polkadot/types-create": "12.4.2",
        "@polkadot/util": "^13.0.2",
        "tslib": "^2.6.3"
      },
      "engines": {
        "node": ">=18"
      }
    },
    "node_modules/@polkadot/types-support": {
      "version": "12.4.2",
      "license": "Apache-2.0",
      "dependencies": {
        "@polkadot/util": "^13.0.2",
        "tslib": "^2.6.3"
      },
      "engines": {
        "node": ">=18"
      }
    },
    "node_modules/@polkadot/util": {
      "version": "13.0.2",
      "license": "Apache-2.0",
      "dependencies": {
        "@polkadot/x-bigint": "13.0.2",
        "@polkadot/x-global": "13.0.2",
        "@polkadot/x-textdecoder": "13.0.2",
        "@polkadot/x-textencoder": "13.0.2",
        "@types/bn.js": "^5.1.5",
        "bn.js": "^5.2.1",
        "tslib": "^2.6.2"
      },
      "engines": {
        "node": ">=18"
      }
    },
    "node_modules/@polkadot/util-crypto": {
      "version": "13.0.2",
      "license": "Apache-2.0",
      "dependencies": {
        "@noble/curves": "^1.3.0",
        "@noble/hashes": "^1.3.3",
        "@polkadot/networks": "13.0.2",
        "@polkadot/util": "13.0.2",
        "@polkadot/wasm-crypto": "^7.3.2",
        "@polkadot/wasm-util": "^7.3.2",
        "@polkadot/x-bigint": "13.0.2",
        "@polkadot/x-randomvalues": "13.0.2",
        "@scure/base": "^1.1.5",
        "tslib": "^2.6.2"
      },
      "engines": {
        "node": ">=18"
      },
      "peerDependencies": {
        "@polkadot/util": "13.0.2"
      }
    },
    "node_modules/@polkadot/wasm-bridge": {
      "version": "7.3.2",
      "license": "Apache-2.0",
      "dependencies": {
        "@polkadot/wasm-util": "7.3.2",
        "tslib": "^2.6.2"
      },
      "engines": {
        "node": ">=18"
      },
      "peerDependencies": {
        "@polkadot/util": "*",
        "@polkadot/x-randomvalues": "*"
      }
    },
    "node_modules/@polkadot/wasm-crypto": {
      "version": "7.3.2",
      "license": "Apache-2.0",
      "dependencies": {
        "@polkadot/wasm-bridge": "7.3.2",
        "@polkadot/wasm-crypto-asmjs": "7.3.2",
        "@polkadot/wasm-crypto-init": "7.3.2",
        "@polkadot/wasm-crypto-wasm": "7.3.2",
        "@polkadot/wasm-util": "7.3.2",
        "tslib": "^2.6.2"
      },
      "engines": {
        "node": ">=18"
      },
      "peerDependencies": {
        "@polkadot/util": "*",
        "@polkadot/x-randomvalues": "*"
      }
    },
    "node_modules/@polkadot/wasm-crypto-asmjs": {
      "version": "7.3.2",
      "license": "Apache-2.0",
      "dependencies": {
        "tslib": "^2.6.2"
      },
      "engines": {
        "node": ">=18"
      },
      "peerDependencies": {
        "@polkadot/util": "*"
      }
    },
    "node_modules/@polkadot/wasm-crypto-init": {
      "version": "7.3.2",
      "license": "Apache-2.0",
      "dependencies": {
        "@polkadot/wasm-bridge": "7.3.2",
        "@polkadot/wasm-crypto-asmjs": "7.3.2",
        "@polkadot/wasm-crypto-wasm": "7.3.2",
        "@polkadot/wasm-util": "7.3.2",
        "tslib": "^2.6.2"
      },
      "engines": {
        "node": ">=18"
      },
      "peerDependencies": {
        "@polkadot/util": "*",
        "@polkadot/x-randomvalues": "*"
      }
    },
    "node_modules/@polkadot/wasm-crypto-wasm": {
      "version": "7.3.2",
      "license": "Apache-2.0",
      "dependencies": {
        "@polkadot/wasm-util": "7.3.2",
        "tslib": "^2.6.2"
      },
      "engines": {
        "node": ">=18"
      },
      "peerDependencies": {
        "@polkadot/util": "*"
      }
    },
    "node_modules/@polkadot/wasm-util": {
      "version": "7.3.2",
      "license": "Apache-2.0",
      "dependencies": {
        "tslib": "^2.6.2"
      },
      "engines": {
        "node": ">=18"
      },
      "peerDependencies": {
        "@polkadot/util": "*"
      }
    },
    "node_modules/@polkadot/x-bigint": {
      "version": "13.0.2",
      "license": "Apache-2.0",
      "dependencies": {
        "@polkadot/x-global": "13.0.2",
        "tslib": "^2.6.2"
      },
      "engines": {
        "node": ">=18"
      }
    },
    "node_modules/@polkadot/x-fetch": {
      "version": "13.0.2",
      "license": "Apache-2.0",
      "dependencies": {
        "@polkadot/x-global": "13.0.2",
        "node-fetch": "^3.3.2",
        "tslib": "^2.6.2"
      },
      "engines": {
        "node": ">=18"
      }
    },
    "node_modules/@polkadot/x-global": {
      "version": "13.0.2",
      "license": "Apache-2.0",
      "dependencies": {
        "tslib": "^2.6.2"
      },
      "engines": {
        "node": ">=18"
      }
    },
    "node_modules/@polkadot/x-randomvalues": {
      "version": "13.0.2",
      "license": "Apache-2.0",
      "dependencies": {
        "@polkadot/x-global": "13.0.2",
        "tslib": "^2.6.2"
      },
      "engines": {
        "node": ">=18"
      },
      "peerDependencies": {
        "@polkadot/util": "13.0.2",
        "@polkadot/wasm-util": "*"
      }
    },
    "node_modules/@polkadot/x-textdecoder": {
      "version": "13.0.2",
      "license": "Apache-2.0",
      "dependencies": {
        "@polkadot/x-global": "13.0.2",
        "tslib": "^2.6.2"
      },
      "engines": {
        "node": ">=18"
      }
    },
    "node_modules/@polkadot/x-textencoder": {
      "version": "13.0.2",
      "license": "Apache-2.0",
      "dependencies": {
        "@polkadot/x-global": "13.0.2",
        "tslib": "^2.6.2"
      },
      "engines": {
        "node": ">=18"
      }
    },
    "node_modules/@polkadot/x-ws": {
      "version": "13.0.2",
      "license": "Apache-2.0",
      "dependencies": {
        "@polkadot/x-global": "13.0.2",
        "tslib": "^2.6.2",
        "ws": "^8.16.0"
      },
      "engines": {
        "node": ">=18"
      }
    },
    "node_modules/@scure/base": {
      "version": "1.1.7",
      "license": "MIT",
      "funding": {
        "url": "https://paulmillr.com/funding/"
      }
    },
    "node_modules/@substrate/connect": {
      "version": "0.8.11",
      "license": "GPL-3.0-only",
      "optional": true,
      "dependencies": {
        "@substrate/connect-extension-protocol": "^2.0.0",
        "@substrate/connect-known-chains": "^1.1.5",
        "@substrate/light-client-extension-helpers": "^1.0.0",
        "smoldot": "2.0.26"
      }
    },
    "node_modules/@substrate/connect-extension-protocol": {
      "version": "2.0.0",
      "license": "GPL-3.0-only",
      "optional": true
    },
    "node_modules/@substrate/connect-known-chains": {
      "version": "1.3.0",
      "license": "GPL-3.0-only",
      "optional": true
    },
    "node_modules/@substrate/light-client-extension-helpers": {
      "version": "1.0.0",
      "license": "MIT",
      "optional": true,
      "dependencies": {
        "@polkadot-api/json-rpc-provider": "^0.0.1",
        "@polkadot-api/json-rpc-provider-proxy": "^0.1.0",
        "@polkadot-api/observable-client": "^0.3.0",
        "@polkadot-api/substrate-client": "^0.1.2",
        "@substrate/connect-extension-protocol": "^2.0.0",
        "@substrate/connect-known-chains": "^1.1.5",
        "rxjs": "^7.8.1"
      },
      "peerDependencies": {
        "smoldot": "2.x"
      }
    },
    "node_modules/@substrate/ss58-registry": {
      "version": "1.50.0",
      "license": "Apache-2.0"
    },
    "node_modules/@types/bn.js": {
      "version": "5.1.5",
      "license": "MIT",
      "dependencies": {
        "@types/node": "*"
      }
    },
    "node_modules/@types/node": {
      "version": "20.5.0",
      "license": "MIT"
    },
    "node_modules/bn.js": {
      "version": "5.2.1",
      "license": "MIT"
    },
    "node_modules/data-uri-to-buffer": {
      "version": "4.0.1",
      "license": "MIT",
      "engines": {
        "node": ">= 12"
      }
    },
    "node_modules/debug": {
      "version": "4.3.4",
      "license": "MIT",
      "dependencies": {
        "ms": "2.1.2"
      },
      "engines": {
        "node": ">=6.0"
      },
      "peerDependenciesMeta": {
        "supports-color": {
          "optional": true
        }
      }
    },
    "node_modules/eventemitter3": {
      "version": "5.0.1",
      "license": "MIT"
    },
    "node_modules/fetch-blob": {
      "version": "3.2.0",
      "funding": [
        {
          "type": "github",
          "url": "https://github.com/sponsors/jimmywarting"
        },
        {
          "type": "paypal",
          "url": "https://paypal.me/jimmywarting"
        }
      ],
      "license": "MIT",
      "dependencies": {
        "node-domexception": "^1.0.0",
        "web-streams-polyfill": "^3.0.3"
      },
      "engines": {
        "node": "^12.20 || >= 14.13"
      }
    },
    "node_modules/formdata-polyfill": {
      "version": "4.0.10",
      "license": "MIT",
      "dependencies": {
        "fetch-blob": "^3.1.2"
      },
      "engines": {
        "node": ">=12.20.0"
      }
    },
    "node_modules/json-stringify-safe": {
      "version": "5.0.1",
      "license": "ISC"
    },
    "node_modules/mock-socket": {
      "version": "9.3.1",
      "license": "MIT",
      "engines": {
        "node": ">= 8"
      }
    },
    "node_modules/ms": {
      "version": "2.1.2",
      "license": "MIT"
    },
    "node_modules/nock": {
      "version": "13.5.5",
      "license": "MIT",
      "dependencies": {
        "debug": "^4.1.0",
        "json-stringify-safe": "^5.0.1",
        "propagate": "^2.0.0"
      },
      "engines": {
        "node": ">= 10.13"
      }
    },
    "node_modules/node-domexception": {
      "version": "1.0.0",
      "funding": [
        {
          "type": "github",
          "url": "https://github.com/sponsors/jimmywarting"
        },
        {
          "type": "github",
          "url": "https://paypal.me/jimmywarting"
        }
      ],
      "license": "MIT",
      "engines": {
        "node": ">=10.5.0"
      }
    },
    "node_modules/node-fetch": {
      "version": "3.3.2",
      "license": "MIT",
      "dependencies": {
        "data-uri-to-buffer": "^4.0.0",
        "fetch-blob": "^3.1.4",
        "formdata-polyfill": "^4.0.10"
      },
      "engines": {
        "node": "^12.20.0 || ^14.13.1 || >=16.0.0"
      },
      "funding": {
        "type": "opencollective",
        "url": "https://opencollective.com/node-fetch"
      }
    },
    "node_modules/propagate": {
      "version": "2.0.1",
      "license": "MIT",
      "engines": {
        "node": ">= 8"
      }
    },
    "node_modules/rxjs": {
      "version": "7.8.1",
      "license": "Apache-2.0",
      "dependencies": {
        "tslib": "^2.1.0"
      }
    },
    "node_modules/rxjs/node_modules/tslib": {
      "version": "2.6.1",
      "license": "0BSD"
    },
    "node_modules/scale-ts": {
      "version": "1.6.0",
      "license": "MIT",
      "optional": true
    },
    "node_modules/smoldot": {
      "version": "2.0.26",
      "license": "GPL-3.0-or-later WITH Classpath-exception-2.0",
      "optional": true,
      "dependencies": {
        "ws": "^8.8.1"
      }
    },
    "node_modules/tslib": {
      "version": "2.6.3",
      "license": "0BSD"
    },
    "node_modules/web-streams-polyfill": {
      "version": "3.3.3",
      "license": "MIT",
      "engines": {
        "node": ">= 8"
      }
    },
    "node_modules/ws": {
      "version": "8.18.0",
      "license": "MIT",
      "engines": {
        "node": ">=10.0.0"
      },
      "peerDependencies": {
        "bufferutil": "^4.0.1",
        "utf-8-validate": ">=5.0.2"
      },
      "peerDependenciesMeta": {
        "bufferutil": {
          "optional": true
        },
        "utf-8-validate": {
          "optional": true
        }
      }
    }
  }
}
